{
  "pins" : [
    {
      "identity" : "emojipicker",
      "kind" : "remoteSourceControl",
      "location" : "https://github.com/htmlprogrammist/EmojiPicker",
      "state" : {
        "revision" : "ea407223d976b0f3a7216c1a1074c56c0988e70f",
        "version" : "2.0.0"
      }
    }
  ],
  "version" : 2
}
