{
  "pins" : [
    {
      "identity" : "emojipicker",
      "kind" : "remoteSourceControl",
      "location" : "https://github.com/htmlprogrammist/EmojiPicker",
      "state" : {
        "revision" : "9177622923065a874ed3ec8fe1dc492afb11658f",
        "version" : "2.0.1"
      }
    }
  ],
  "version" : 2
}
