// !$*UTF8*$!
{
	archiveVersion = 1;
	classes = {
	};
	objectVersion = 55;
	objects = {

/* Begin PBXBuildFile section */
		C432E1482847380E00E694D8 /* AppDelegate.swift in Sources */ = {isa = PBXBuildFile; fileRef = C432E1472847380E00E694D8 /* AppDelegate.swift */; };
		C432E14A2847380E00E694D8 /* SceneDelegate.swift in Sources */ = {isa = PBXBuildFile; fileRef = C432E1492847380E00E694D8 /* SceneDelegate.swift */; };
		C432E14C2847380E00E694D8 /* ViewController.swift in Sources */ = {isa = PBXBuildFile; fileRef = C432E14B2847380E00E694D8 /* ViewController.swift */; };
		C432E14F2847380E00E694D8 /* Main.storyboard in Resources */ = {isa = PBXBuildFile; fileRef = C432E14D2847380E00E694D8 /* Main.storyboard */; };
		C432E1512847380E00E694D8 /* Assets.xcassets in Resources */ = {isa = PBXBuildFile; fileRef = C432E1502847380E00E694D8 /* Assets.xcassets */; };
		C432E1542847380E00E694D8 /* LaunchScreen.storyboard in Resources */ = {isa = PBXBuildFile; fileRef = C432E1522847380E00E694D8 /* LaunchScreen.storyboard */; };
		C432E16528473C8800E694D8 /* EmojiPickerLocalizable.strings in Resources */ = {isa = PBXBuildFile; fileRef = C432E16728473C8800E694D8 /* EmojiPickerLocalizable.strings */; };
		C432E17028473D2C00E694D8 /* EmojiPickerView.swift in Sources */ = {isa = PBXBuildFile; fileRef = C432E16F28473D2C00E694D8 /* EmojiPickerView.swift */; };
		C432E17228473D4300E694D8 /* EmojiCollectionViewCell.swift in Sources */ = {isa = PBXBuildFile; fileRef = C432E17128473D4300E694D8 /* EmojiCollectionViewCell.swift */; };
		C432E17428473D5400E694D8 /* EmojiSectionHeader.swift in Sources */ = {isa = PBXBuildFile; fileRef = C432E17328473D5400E694D8 /* EmojiSectionHeader.swift */; };
		C432E17728473D7400E694D8 /* UIView+Extension.swift in Sources */ = {isa = PBXBuildFile; fileRef = C432E17628473D7400E694D8 /* UIView+Extension.swift */; };
		C432E17928473DB800E694D8 /* EmojiPickerViewController.swift in Sources */ = {isa = PBXBuildFile; fileRef = C432E17828473DB800E694D8 /* EmojiPickerViewController.swift */; };
		C46F7F20284861520008773A /* Observable.swift in Sources */ = {isa = PBXBuildFile; fileRef = C46F7F1F284861520008773A /* Observable.swift */; };
		C46F7F25284865AB0008773A /* EmojiPickerViewModel.swift in Sources */ = {isa = PBXBuildFile; fileRef = C46F7F24284865AB0008773A /* EmojiPickerViewModel.swift */; };
		C46F7F282848666E0008773A /* EmojiPickerViewModelProtocol.swift in Sources */ = {isa = PBXBuildFile; fileRef = C46F7F272848666E0008773A /* EmojiPickerViewModelProtocol.swift */; };
		C46F7F3328488E450008773A /* EmojiModel.swift in Sources */ = {isa = PBXBuildFile; fileRef = C46F7F3228488E450008773A /* EmojiModel.swift */; };
		C49C7612284B6E00000C57CA /* EmojiCategoryIconView.swift in Sources */ = {isa = PBXBuildFile; fileRef = C49C7611284B6E00000C57CA /* EmojiCategoryIconView.swift */; };
/* End PBXBuildFile section */

/* Begin PBXFileReference section */
		C432E1442847380E00E694D8 /* EmojiPicker.app */ = {isa = PBXFileReference; explicitFileType = wrapper.application; includeInIndex = 0; path = EmojiPicker.app; sourceTree = BUILT_PRODUCTS_DIR; };
		C432E1472847380E00E694D8 /* AppDelegate.swift */ = {isa = PBXFileReference; lastKnownFileType = sourcecode.swift; path = AppDelegate.swift; sourceTree = "<group>"; };
		C432E1492847380E00E694D8 /* SceneDelegate.swift */ = {isa = PBXFileReference; lastKnownFileType = sourcecode.swift; path = SceneDelegate.swift; sourceTree = "<group>"; };
		C432E14B2847380E00E694D8 /* ViewController.swift */ = {isa = PBXFileReference; lastKnownFileType = sourcecode.swift; path = ViewController.swift; sourceTree = "<group>"; };
		C432E14E2847380E00E694D8 /* Base */ = {isa = PBXFileReference; lastKnownFileType = file.storyboard; name = Base; path = Base.lproj/Main.storyboard; sourceTree = "<group>"; };
		C432E1502847380E00E694D8 /* Assets.xcassets */ = {isa = PBXFileReference; lastKnownFileType = folder.assetcatalog; path = Assets.xcassets; sourceTree = "<group>"; };
		C432E1532847380E00E694D8 /* Base */ = {isa = PBXFileReference; lastKnownFileType = file.storyboard; name = Base; path = Base.lproj/LaunchScreen.storyboard; sourceTree = "<group>"; };
		C432E1552847380E00E694D8 /* Info.plist */ = {isa = PBXFileReference; lastKnownFileType = text.plist.xml; path = Info.plist; sourceTree = "<group>"; };
		C432E16628473C8800E694D8 /* en */ = {isa = PBXFileReference; lastKnownFileType = text.plist.strings; name = en; path = en.lproj/EmojiPickerLocalizable.strings; sourceTree = "<group>"; };
		C432E16C28473CCC00E694D8 /* ru */ = {isa = PBXFileReference; lastKnownFileType = text.plist.strings; name = ru; path = ru.lproj/EmojiPickerLocalizable.strings; sourceTree = "<group>"; };
		C432E16F28473D2C00E694D8 /* EmojiPickerView.swift */ = {isa = PBXFileReference; lastKnownFileType = sourcecode.swift; path = EmojiPickerView.swift; sourceTree = "<group>"; };
		C432E17128473D4300E694D8 /* EmojiCollectionViewCell.swift */ = {isa = PBXFileReference; lastKnownFileType = sourcecode.swift; path = EmojiCollectionViewCell.swift; sourceTree = "<group>"; };
		C432E17328473D5400E694D8 /* EmojiSectionHeader.swift */ = {isa = PBXFileReference; lastKnownFileType = sourcecode.swift; path = EmojiSectionHeader.swift; sourceTree = "<group>"; };
		C432E17628473D7400E694D8 /* UIView+Extension.swift */ = {isa = PBXFileReference; lastKnownFileType = sourcecode.swift; path = "UIView+Extension.swift"; sourceTree = "<group>"; };
		C432E17828473DB800E694D8 /* EmojiPickerViewController.swift */ = {isa = PBXFileReference; lastKnownFileType = sourcecode.swift; path = EmojiPickerViewController.swift; sourceTree = "<group>"; };
		C46F7F1F284861520008773A /* Observable.swift */ = {isa = PBXFileReference; lastKnownFileType = sourcecode.swift; path = Observable.swift; sourceTree = "<group>"; };
		C46F7F24284865AB0008773A /* EmojiPickerViewModel.swift */ = {isa = PBXFileReference; lastKnownFileType = sourcecode.swift; path = EmojiPickerViewModel.swift; sourceTree = "<group>"; };
		C46F7F272848666E0008773A /* EmojiPickerViewModelProtocol.swift */ = {isa = PBXFileReference; lastKnownFileType = sourcecode.swift; path = EmojiPickerViewModelProtocol.swift; sourceTree = "<group>"; };
		C46F7F3228488E450008773A /* EmojiModel.swift */ = {isa = PBXFileReference; lastKnownFileType = sourcecode.swift; path = EmojiModel.swift; sourceTree = "<group>"; };
		C49C7611284B6E00000C57CA /* EmojiCategoryIconView.swift */ = {isa = PBXFileReference; lastKnownFileType = sourcecode.swift; path = EmojiCategoryIconView.swift; sourceTree = "<group>"; };
/* End PBXFileReference section */

/* Begin PBXFrameworksBuildPhase section */
		C432E1412847380E00E694D8 /* Frameworks */ = {
			isa = PBXFrameworksBuildPhase;
			buildActionMask = 2147483647;
			files = (
			);
			runOnlyForDeploymentPostprocessing = 0;
		};
/* End PBXFrameworksBuildPhase section */

/* Begin PBXGroup section */
		C432E13B2847380E00E694D8 = {
			isa = PBXGroup;
			children = (
				C432E1462847380E00E694D8 /* EmojiPicker */,
				C432E1452847380E00E694D8 /* Products */,
			);
			sourceTree = "<group>";
		};
		C432E1452847380E00E694D8 /* Products */ = {
			isa = PBXGroup;
			children = (
				C432E1442847380E00E694D8 /* EmojiPicker.app */,
			);
			name = Products;
			sourceTree = "<group>";
		};
		C432E1462847380E00E694D8 /* EmojiPicker */ = {
			isa = PBXGroup;
			children = (
				C432E15C28473BDE00E694D8 /* EmojiPicker */,
				C432E1472847380E00E694D8 /* AppDelegate.swift */,
				C432E1492847380E00E694D8 /* SceneDelegate.swift */,
				C432E14B2847380E00E694D8 /* ViewController.swift */,
				C432E14D2847380E00E694D8 /* Main.storyboard */,
				C432E1502847380E00E694D8 /* Assets.xcassets */,
				C432E1522847380E00E694D8 /* LaunchScreen.storyboard */,
				C432E1552847380E00E694D8 /* Info.plist */,
			);
			path = EmojiPicker;
			sourceTree = "<group>";
		};
		C432E15C28473BDE00E694D8 /* EmojiPicker */ = {
			isa = PBXGroup;
			children = (
				C46F7F1E284860BA0008773A /* Bindings */,
				C432E16128473C1800E694D8 /* Resource */,
				C46F7F262848665A0008773A /* Protocols */,
				C432E15F28473C0A00E694D8 /* Model */,
				C46F7F212848653B0008773A /* ViewModel */,
				C432E15E28473C0500E694D8 /* View */,
			);
			path = EmojiPicker;
			sourceTree = "<group>";
		};
		C432E15E28473C0500E694D8 /* View */ = {
			isa = PBXGroup;
			children = (
				C432E17828473DB800E694D8 /* EmojiPickerViewController.swift */,
				C46F7F222848655E0008773A /* Views */,
			);
			path = View;
			sourceTree = "<group>";
		};
		C432E15F28473C0A00E694D8 /* Model */ = {
			isa = PBXGroup;
			children = (
				C46F7F3228488E450008773A /* EmojiModel.swift */,
			);
			path = Model;
			sourceTree = "<group>";
		};
		C432E16128473C1800E694D8 /* Resource */ = {
			isa = PBXGroup;
			children = (
				C432E17528473D6600E694D8 /* Extensions */,
				C432E16228473C5500E694D8 /* Localization */,
			);
			path = Resource;
			sourceTree = "<group>";
		};
		C432E16228473C5500E694D8 /* Localization */ = {
			isa = PBXGroup;
			children = (
				C432E16728473C8800E694D8 /* EmojiPickerLocalizable.strings */,
			);
			path = Localization;
			sourceTree = "<group>";
		};
		C432E17528473D6600E694D8 /* Extensions */ = {
			isa = PBXGroup;
			children = (
				C432E17628473D7400E694D8 /* UIView+Extension.swift */,
			);
			path = Extensions;
			sourceTree = "<group>";
		};
		C46F7F1E284860BA0008773A /* Bindings */ = {
			isa = PBXGroup;
			children = (
				C46F7F1F284861520008773A /* Observable.swift */,
			);
			path = Bindings;
			sourceTree = "<group>";
		};
		C46F7F212848653B0008773A /* ViewModel */ = {
			isa = PBXGroup;
			children = (
				C46F7F24284865AB0008773A /* EmojiPickerViewModel.swift */,
			);
			path = ViewModel;
			sourceTree = "<group>";
		};
		C46F7F222848655E0008773A /* Views */ = {
			isa = PBXGroup;
			children = (
				C432E16F28473D2C00E694D8 /* EmojiPickerView.swift */,
				C49C7611284B6E00000C57CA /* EmojiCategoryIconView.swift */,
				C432E17328473D5400E694D8 /* EmojiSectionHeader.swift */,
				C46F7F23284865650008773A /* Cells */,
			);
			path = Views;
			sourceTree = "<group>";
		};
		C46F7F23284865650008773A /* Cells */ = {
			isa = PBXGroup;
			children = (
				C432E17128473D4300E694D8 /* EmojiCollectionViewCell.swift */,
			);
			path = Cells;
			sourceTree = "<group>";
		};
		C46F7F262848665A0008773A /* Protocols */ = {
			isa = PBXGroup;
			children = (
				C46F7F272848666E0008773A /* EmojiPickerViewModelProtocol.swift */,
			);
			path = Protocols;
			sourceTree = "<group>";
		};
/* End PBXGroup section */

/* Begin PBXNativeTarget section */
		C432E1432847380E00E694D8 /* EmojiPicker */ = {
			isa = PBXNativeTarget;
			buildConfigurationList = C432E1582847380E00E694D8 /* Build configuration list for PBXNativeTarget "EmojiPicker" */;
			buildPhases = (
				C432E1402847380E00E694D8 /* Sources */,
				C432E1412847380E00E694D8 /* Frameworks */,
				C432E1422847380E00E694D8 /* Resources */,
			);
			buildRules = (
			);
			dependencies = (
			);
			name = EmojiPicker;
			productName = EmojiPicker;
			productReference = C432E1442847380E00E694D8 /* EmojiPicker.app */;
			productType = "com.apple.product-type.application";
		};
/* End PBXNativeTarget section */

/* Begin PBXProject section */
		C432E13C2847380E00E694D8 /* Project object */ = {
			isa = PBXProject;
			attributes = {
				BuildIndependentTargetsInParallel = 1;
				LastSwiftUpdateCheck = 1330;
				LastUpgradeCheck = 1330;
				TargetAttributes = {
					C432E1432847380E00E694D8 = {
						CreatedOnToolsVersion = 13.3.1;
					};
				};
			};
			buildConfigurationList = C432E13F2847380E00E694D8 /* Build configuration list for PBXProject "EmojiPicker" */;
			compatibilityVersion = "Xcode 13.0";
			developmentRegion = en;
			hasScannedForEncodings = 0;
			knownRegions = (
				en,
				Base,
				ru,
			);
			mainGroup = C432E13B2847380E00E694D8;
			productRefGroup = C432E1452847380E00E694D8 /* Products */;
			projectDirPath = "";
			projectRoot = "";
			targets = (
				C432E1432847380E00E694D8 /* EmojiPicker */,
			);
		};
/* End PBXProject section */

/* Begin PBXResourcesBuildPhase section */
		C432E1422847380E00E694D8 /* Resources */ = {
			isa = PBXResourcesBuildPhase;
			buildActionMask = 2147483647;
			files = (
				C432E1542847380E00E694D8 /* LaunchScreen.storyboard in Resources */,
				C432E1512847380E00E694D8 /* Assets.xcassets in Resources */,
				C432E16528473C8800E694D8 /* EmojiPickerLocalizable.strings in Resources */,
				C432E14F2847380E00E694D8 /* Main.storyboard in Resources */,
			);
			runOnlyForDeploymentPostprocessing = 0;
		};
/* End PBXResourcesBuildPhase section */

/* Begin PBXSourcesBuildPhase section */
		C432E1402847380E00E694D8 /* Sources */ = {
			isa = PBXSourcesBuildPhase;
			buildActionMask = 2147483647;
			files = (
				C432E17228473D4300E694D8 /* EmojiCollectionViewCell.swift in Sources */,
				C432E17728473D7400E694D8 /* UIView+Extension.swift in Sources */,
				C432E17928473DB800E694D8 /* EmojiPickerViewController.swift in Sources */,
				C432E14C2847380E00E694D8 /* ViewController.swift in Sources */,
				C432E17028473D2C00E694D8 /* EmojiPickerView.swift in Sources */,
				C46F7F25284865AB0008773A /* EmojiPickerViewModel.swift in Sources */,
				C46F7F20284861520008773A /* Observable.swift in Sources */,
				C46F7F3328488E450008773A /* EmojiModel.swift in Sources */,
				C432E1482847380E00E694D8 /* AppDelegate.swift in Sources */,
				C46F7F282848666E0008773A /* EmojiPickerViewModelProtocol.swift in Sources */,
				C432E17428473D5400E694D8 /* EmojiSectionHeader.swift in Sources */,
				C49C7612284B6E00000C57CA /* EmojiCategoryIconView.swift in Sources */,
				C432E14A2847380E00E694D8 /* SceneDelegate.swift in Sources */,
			);
			runOnlyForDeploymentPostprocessing = 0;
		};
/* End PBXSourcesBuildPhase section */

/* Begin PBXVariantGroup section */
		C432E14D2847380E00E694D8 /* Main.storyboard */ = {
			isa = PBXVariantGroup;
			children = (
				C432E14E2847380E00E694D8 /* Base */,
			);
			name = Main.storyboard;
			sourceTree = "<group>";
		};
		C432E1522847380E00E694D8 /* LaunchScreen.storyboard */ = {
			isa = PBXVariantGroup;
			children = (
				C432E1532847380E00E694D8 /* Base */,
			);
			name = LaunchScreen.storyboard;
			sourceTree = "<group>";
		};
		C432E16728473C8800E694D8 /* EmojiPickerLocalizable.strings */ = {
			isa = PBXVariantGroup;
			children = (
				C432E16628473C8800E694D8 /* en */,
				C432E16C28473CCC00E694D8 /* ru */,
			);
			name = EmojiPickerLocalizable.strings;
			sourceTree = "<group>";
		};
/* End PBXVariantGroup section */

/* Begin XCBuildConfiguration section */
		C432E1562847380E00E694D8 /* Debug */ = {
			isa = XCBuildConfiguration;
			buildSettings = {
				ALWAYS_SEARCH_USER_PATHS = NO;
				CLANG_ANALYZER_NONNULL = YES;
				CLANG_ANALYZER_NUMBER_OBJECT_CONVERSION = YES_AGGRESSIVE;
				CLANG_CXX_LANGUAGE_STANDARD = "gnu++17";
				CLANG_ENABLE_MODULES = YES;
				CLANG_ENABLE_OBJC_ARC = YES;
				CLANG_ENABLE_OBJC_WEAK = YES;
				CLANG_WARN_BLOCK_CAPTURE_AUTORELEASING = YES;
				CLANG_WARN_BOOL_CONVERSION = YES;
				CLANG_WARN_COMMA = YES;
				CLANG_WARN_CONSTANT_CONVERSION = YES;
				CLANG_WARN_DEPRECATED_OBJC_IMPLEMENTATIONS = YES;
				CLANG_WARN_DIRECT_OBJC_ISA_USAGE = YES_ERROR;
				CLANG_WARN_DOCUMENTATION_COMMENTS = YES;
				CLANG_WARN_EMPTY_BODY = YES;
				CLANG_WARN_ENUM_CONVERSION = YES;
				CLANG_WARN_INFINITE_RECURSION = YES;
				CLANG_WARN_INT_CONVERSION = YES;
				CLANG_WARN_NON_LITERAL_NULL_CONVERSION = YES;
				CLANG_WARN_OBJC_IMPLICIT_RETAIN_SELF = YES;
				CLANG_WARN_OBJC_LITERAL_CONVERSION = YES;
				CLANG_WARN_OBJC_ROOT_CLASS = YES_ERROR;
				CLANG_WARN_QUOTED_INCLUDE_IN_FRAMEWORK_HEADER = YES;
				CLANG_WARN_RANGE_LOOP_ANALYSIS = YES;
				CLANG_WARN_STRICT_PROTOTYPES = YES;
				CLANG_WARN_SUSPICIOUS_MOVE = YES;
				CLANG_WARN_UNGUARDED_AVAILABILITY = YES_AGGRESSIVE;
				CLANG_WARN_UNREACHABLE_CODE = YES;
				CLANG_WARN__DUPLICATE_METHOD_MATCH = YES;
				COPY_PHASE_STRIP = NO;
				DEBUG_INFORMATION_FORMAT = dwarf;
				ENABLE_STRICT_OBJC_MSGSEND = YES;
				ENABLE_TESTABILITY = YES;
				GCC_C_LANGUAGE_STANDARD = gnu11;
				GCC_DYNAMIC_NO_PIC = NO;
				GCC_NO_COMMON_BLOCKS = YES;
				GCC_OPTIMIZATION_LEVEL = 0;
				GCC_PREPROCESSOR_DEFINITIONS = (
					"DEBUG=1",
					"$(inherited)",
				);
				GCC_WARN_64_TO_32_BIT_CONVERSION = YES;
				GCC_WARN_ABOUT_RETURN_TYPE = YES_ERROR;
				GCC_WARN_UNDECLARED_SELECTOR = YES;
				GCC_WARN_UNINITIALIZED_AUTOS = YES_AGGRESSIVE;
				GCC_WARN_UNUSED_FUNCTION = YES;
				GCC_WARN_UNUSED_VARIABLE = YES;
				IPHONEOS_DEPLOYMENT_TARGET = 15.4;
				MTL_ENABLE_DEBUG_INFO = INCLUDE_SOURCE;
				MTL_FAST_MATH = YES;
				ONLY_ACTIVE_ARCH = YES;
				SDKROOT = iphoneos;
				SWIFT_ACTIVE_COMPILATION_CONDITIONS = DEBUG;
				SWIFT_OPTIMIZATION_LEVEL = "-Onone";
			};
			name = Debug;
		};
		C432E1572847380E00E694D8 /* Release */ = {
			isa = XCBuildConfiguration;
			buildSettings = {
				ALWAYS_SEARCH_USER_PATHS = NO;
				CLANG_ANALYZER_NONNULL = YES;
				CLANG_ANALYZER_NUMBER_OBJECT_CONVERSION = YES_AGGRESSIVE;
				CLANG_CXX_LANGUAGE_STANDARD = "gnu++17";
				CLANG_ENABLE_MODULES = YES;
				CLANG_ENABLE_OBJC_ARC = YES;
				CLANG_ENABLE_OBJC_WEAK = YES;
				CLANG_WARN_BLOCK_CAPTURE_AUTORELEASING = YES;
				CLANG_WARN_BOOL_CONVERSION = YES;
				CLANG_WARN_COMMA = YES;
				CLANG_WARN_CONSTANT_CONVERSION = YES;
				CLANG_WARN_DEPRECATED_OBJC_IMPLEMENTATIONS = YES;
				CLANG_WARN_DIRECT_OBJC_ISA_USAGE = YES_ERROR;
				CLANG_WARN_DOCUMENTATION_COMMENTS = YES;
				CLANG_WARN_EMPTY_BODY = YES;
				CLANG_WARN_ENUM_CONVERSION = YES;
				CLANG_WARN_INFINITE_RECURSION = YES;
				CLANG_WARN_INT_CONVERSION = YES;
				CLANG_WARN_NON_LITERAL_NULL_CONVERSION = YES;
				CLANG_WARN_OBJC_IMPLICIT_RETAIN_SELF = YES;
				CLANG_WARN_OBJC_LITERAL_CONVERSION = YES;
				CLANG_WARN_OBJC_ROOT_CLASS = YES_ERROR;
				CLANG_WARN_QUOTED_INCLUDE_IN_FRAMEWORK_HEADER = YES;
				CLANG_WARN_RANGE_LOOP_ANALYSIS = YES;
				CLANG_WARN_STRICT_PROTOTYPES = YES;
				CLANG_WARN_SUSPICIOUS_MOVE = YES;
				CLANG_WARN_UNGUARDED_AVAILABILITY = YES_AGGRESSIVE;
				CLANG_WARN_UNREACHABLE_CODE = YES;
				CLANG_WARN__DUPLICATE_METHOD_MATCH = YES;
				COPY_PHASE_STRIP = NO;
				DEBUG_INFORMATION_FORMAT = "dwarf-with-dsym";
				ENABLE_NS_ASSERTIONS = NO;
				ENABLE_STRICT_OBJC_MSGSEND = YES;
				GCC_C_LANGUAGE_STANDARD = gnu11;
				GCC_NO_COMMON_BLOCKS = YES;
				GCC_WARN_64_TO_32_BIT_CONVERSION = YES;
				GCC_WARN_ABOUT_RETURN_TYPE = YES_ERROR;
				GCC_WARN_UNDECLARED_SELECTOR = YES;
				GCC_WARN_UNINITIALIZED_AUTOS = YES_AGGRESSIVE;
				GCC_WARN_UNUSED_FUNCTION = YES;
				GCC_WARN_UNUSED_VARIABLE = YES;
				IPHONEOS_DEPLOYMENT_TARGET = 15.4;
				MTL_ENABLE_DEBUG_INFO = NO;
				MTL_FAST_MATH = YES;
				SDKROOT = iphoneos;
				SWIFT_COMPILATION_MODE = wholemodule;
				SWIFT_OPTIMIZATION_LEVEL = "-O";
				VALIDATE_PRODUCT = YES;
			};
			name = Release;
		};
		C432E1592847380E00E694D8 /* Debug */ = {
			isa = XCBuildConfiguration;
			buildSettings = {
				ASSETCATALOG_COMPILER_APPICON_NAME = AppIcon;
				ASSETCATALOG_COMPILER_GLOBAL_ACCENT_COLOR_NAME = AccentColor;
				CODE_SIGN_STYLE = Automatic;
				CURRENT_PROJECT_VERSION = 1;
				DEVELOPMENT_TEAM = KP4A68PJ98;
				GENERATE_INFOPLIST_FILE = YES;
				INFOPLIST_FILE = EmojiPicker/Info.plist;
				INFOPLIST_KEY_UIApplicationSupportsIndirectInputEvents = YES;
				INFOPLIST_KEY_UILaunchStoryboardName = LaunchScreen;
				INFOPLIST_KEY_UIMainStoryboardFile = Main;
				INFOPLIST_KEY_UISupportedInterfaceOrientations_iPad = "UIInterfaceOrientationPortrait UIInterfaceOrientationPortraitUpsideDown UIInterfaceOrientationLandscapeLeft UIInterfaceOrientationLandscapeRight";
				INFOPLIST_KEY_UISupportedInterfaceOrientations_iPhone = "UIInterfaceOrientationPortrait UIInterfaceOrientationLandscapeLeft UIInterfaceOrientationLandscapeRight";
				IPHONEOS_DEPLOYMENT_TARGET = 13.0;
				LD_RUNPATH_SEARCH_PATHS = (
					"$(inherited)",
					"@executable_path/Frameworks",
				);
				MARKETING_VERSION = 1.0;
				PRODUCT_BUNDLE_IDENTIFIER = izyumkin.EmojiPicker;
				PRODUCT_NAME = "$(TARGET_NAME)";
				SWIFT_EMIT_LOC_STRINGS = YES;
				SWIFT_VERSION = 5.0;
				TARGETED_DEVICE_FAMILY = "1,2";
			};
			name = Debug;
		};
		C432E15A2847380E00E694D8 /* Release */ = {
			isa = XCBuildConfiguration;
			buildSettings = {
				ASSETCATALOG_COMPILER_APPICON_NAME = AppIcon;
				ASSETCATALOG_COMPILER_GLOBAL_ACCENT_COLOR_NAME = AccentColor;
				CODE_SIGN_STYLE = Automatic;
				CURRENT_PROJECT_VERSION = 1;
				DEVELOPMENT_TEAM = KP4A68PJ98;
				GENERATE_INFOPLIST_FILE = YES;
				INFOPLIST_FILE = EmojiPicker/Info.plist;
				INFOPLIST_KEY_UIApplicationSupportsIndirectInputEvents = YES;
				INFOPLIST_KEY_UILaunchStoryboardName = LaunchScreen;
				INFOPLIST_KEY_UIMainStoryboardFile = Main;
				INFOPLIST_KEY_UISupportedInterfaceOrientations_iPad = "UIInterfaceOrientationPortrait UIInterfaceOrientationPortraitUpsideDown UIInterfaceOrientationLandscapeLeft UIInterfaceOrientationLandscapeRight";
				INFOPLIST_KEY_UISupportedInterfaceOrientations_iPhone = "UIInterfaceOrientationPortrait UIInterfaceOrientationLandscapeLeft UIInterfaceOrientationLandscapeRight";
				IPHONEOS_DEPLOYMENT_TARGET = 13.0;
				LD_RUNPATH_SEARCH_PATHS = (
					"$(inherited)",
					"@executable_path/Frameworks",
				);
				MARKETING_VERSION = 1.0;
				PRODUCT_BUNDLE_IDENTIFIER = izyumkin.EmojiPicker;
				PRODUCT_NAME = "$(TARGET_NAME)";
				SWIFT_EMIT_LOC_STRINGS = YES;
				SWIFT_VERSION = 5.0;
				TARGETED_DEVICE_FAMILY = "1,2";
			};
			name = Release;
		};
/* End XCBuildConfiguration section */

/* Begin XCConfigurationList section */
		C432E13F2847380E00E694D8 /* Build configuration list for PBXProject "EmojiPicker" */ = {
			isa = XCConfigurationList;
			buildConfigurations = (
				C432E1562847380E00E694D8 /* Debug */,
				C432E1572847380E00E694D8 /* Release */,
			);
			defaultConfigurationIsVisible = 0;
			defaultConfigurationName = Release;
		};
		C432E1582847380E00E694D8 /* Build configuration list for PBXNativeTarget "EmojiPicker" */ = {
			isa = XCConfigurationList;
			buildConfigurations = (
				C432E1592847380E00E694D8 /* Debug */,
				C432E15A2847380E00E694D8 /* Release */,
			);
			defaultConfigurationIsVisible = 0;
			defaultConfigurationName = Release;
		};
/* End XCConfigurationList section */
	};
	rootObject = C432E13C2847380E00E694D8 /* Project object */;
}
