// !$*UTF8*$!
{
	archiveVersion = 1;
	classes = {
	};
	objectVersion = 55;
	objects = {

/* Begin PBXBuildFile section */
		F0BB7EC3297157D3004EEBFC /* EmojiPicker.framework in Frameworks */ = {isa = PBXBuildFile; fileRef = F0BB7EBA297157D3004EEBFC /* EmojiPicker.framework */; };
		F0BB7EC8297157D3004EEBFC /* EmojiPickerTests.swift in Sources */ = {isa = PBXBuildFile; fileRef = F0BB7EC7297157D3004EEBFC /* EmojiPickerTests.swift */; };
		F0BB7ED629715831004EEBFC /* EmojiPicker.h in Headers */ = {isa = PBXBuildFile; fileRef = F0BB7ED329715830004EEBFC /* EmojiPicker.h */; };
		F0BB7ED829715831004EEBFC /* README.md in Resources */ = {isa = PBXBuildFile; fileRef = F0BB7ED529715830004EEBFC /* README.md */; };
		F0BB7EDB297158BD004EEBFC /* EmojiPicker.podspec in Resources */ = {isa = PBXBuildFile; fileRef = F0BB7ED9297158BC004EEBFC /* EmojiPicker.podspec */; };
		F0BB7F17297159A6004EEBFC /* EmojiPickerViewModel.swift in Sources */ = {isa = PBXBuildFile; fileRef = F0BB7EF2297159A6004EEBFC /* EmojiPickerViewModel.swift */; };
		F0BB7F18297159A6004EEBFC /* Localizable.strings in Resources */ = {isa = PBXBuildFile; fileRef = F0BB7EF5297159A6004EEBFC /* Localizable.strings */; };
		F0BB7F19297159A6004EEBFC /* EmojiModel.swift in Sources */ = {isa = PBXBuildFile; fileRef = F0BB7EF9297159A6004EEBFC /* EmojiModel.swift */; };
		F0BB7F1A297159A6004EEBFC /* PickerArrowDirectionMode.swift in Sources */ = {isa = PBXBuildFile; fileRef = F0BB7EFA297159A6004EEBFC /* PickerArrowDirectionMode.swift */; };
		F0BB7F1B297159A6004EEBFC /* Configuration.swift in Sources */ = {isa = PBXBuildFile; fileRef = F0BB7EFB297159A6004EEBFC /* Configuration.swift */; };
		F0BB7F1C297159A6004EEBFC /* UIView.swift in Sources */ = {isa = PBXBuildFile; fileRef = F0BB7EFE297159A6004EEBFC /* UIView.swift */; };
		F0BB7F1D297159A6004EEBFC /* UIColor.swift in Sources */ = {isa = PBXBuildFile; fileRef = F0BB7EFF297159A6004EEBFC /* UIColor.swift */; };
		F0BB7F1E297159A6004EEBFC /* Array.swift in Sources */ = {isa = PBXBuildFile; fileRef = F0BB7F01297159A6004EEBFC /* Array.swift */; };
		F0BB7F1F297159A6004EEBFC /* Observable.swift in Sources */ = {isa = PBXBuildFile; fileRef = F0BB7F03297159A6004EEBFC /* Observable.swift */; };
		F0BB7F20297159A6004EEBFC /* EmojiPickerViewController.swift in Sources */ = {isa = PBXBuildFile; fileRef = F0BB7F05297159A6004EEBFC /* EmojiPickerViewController.swift */; };
		F0BB7F21297159A6004EEBFC /* EmojiCollectionViewHeader.swift in Sources */ = {isa = PBXBuildFile; fileRef = F0BB7F06297159A6004EEBFC /* EmojiCollectionViewHeader.swift */; };
		F0BB7F22297159A6004EEBFC /* EmojiCollectionViewCell.swift in Sources */ = {isa = PBXBuildFile; fileRef = F0BB7F07297159A6004EEBFC /* EmojiCollectionViewCell.swift */; };
		F0BB7F23297159A6004EEBFC /* EmojiCategoryIconView.swift in Sources */ = {isa = PBXBuildFile; fileRef = F0BB7F0A297159A6004EEBFC /* EmojiCategoryIconView.swift */; };
		F0BB7F24297159A6004EEBFC /* TouchableEmojiCategoryView.swift in Sources */ = {isa = PBXBuildFile; fileRef = F0BB7F0B297159A6004EEBFC /* TouchableEmojiCategoryView.swift */; };
		F0BB7F25297159A6004EEBFC /* EmojiPickerView.swift in Sources */ = {isa = PBXBuildFile; fileRef = F0BB7F0C297159A6004EEBFC /* EmojiPickerView.swift */; };
		F0BB7F27297159A6004EEBFC /* Unicode 5.swift in Sources */ = {isa = PBXBuildFile; fileRef = F0BB7F10297159A6004EEBFC /* Unicode 5.swift */; };
		F0BB7F28297159A6004EEBFC /* Unicode 13v1.swift in Sources */ = {isa = PBXBuildFile; fileRef = F0BB7F11297159A6004EEBFC /* Unicode 13v1.swift */; };
		F0BB7F29297159A6004EEBFC /* Unicode 14.swift in Sources */ = {isa = PBXBuildFile; fileRef = F0BB7F12297159A6004EEBFC /* Unicode 14.swift */; };
		F0BB7F2A297159A6004EEBFC /* Unicode 12.swift in Sources */ = {isa = PBXBuildFile; fileRef = F0BB7F13297159A6004EEBFC /* Unicode 12.swift */; };
		F0BB7F2B297159A6004EEBFC /* Unicode 13.swift in Sources */ = {isa = PBXBuildFile; fileRef = F0BB7F14297159A6004EEBFC /* Unicode 13.swift */; };
		F0BB7F2C297159A6004EEBFC /* Unicode 11.swift in Sources */ = {isa = PBXBuildFile; fileRef = F0BB7F15297159A6004EEBFC /* Unicode 11.swift */; };
		F0BB7F2D297159A6004EEBFC /* UnicodeManager.swift in Sources */ = {isa = PBXBuildFile; fileRef = F0BB7F16297159A6004EEBFC /* UnicodeManager.swift */; };
		F0BB7F2F29715ABF004EEBFC /* Bundle.swift in Sources */ = {isa = PBXBuildFile; fileRef = F0BB7F2E29715ABF004EEBFC /* Bundle.swift */; };
/* End PBXBuildFile section */

/* Begin PBXContainerItemProxy section */
		F0BB7EC4297157D3004EEBFC /* PBXContainerItemProxy */ = {
			isa = PBXContainerItemProxy;
			containerPortal = F0BB7EB1297157D3004EEBFC /* Project object */;
			proxyType = 1;
			remoteGlobalIDString = F0BB7EB9297157D3004EEBFC;
			remoteInfo = EmojiPicker;
		};
/* End PBXContainerItemProxy section */

/* Begin PBXFileReference section */
		F0BB7EBA297157D3004EEBFC /* EmojiPicker.framework */ = {isa = PBXFileReference; explicitFileType = wrapper.framework; includeInIndex = 0; path = EmojiPicker.framework; sourceTree = BUILT_PRODUCTS_DIR; };
		F0BB7EC2297157D3004EEBFC /* EmojiPickerTests.xctest */ = {isa = PBXFileReference; explicitFileType = wrapper.cfbundle; includeInIndex = 0; path = EmojiPickerTests.xctest; sourceTree = BUILT_PRODUCTS_DIR; };
		F0BB7EC7297157D3004EEBFC /* EmojiPickerTests.swift */ = {isa = PBXFileReference; lastKnownFileType = sourcecode.swift; path = EmojiPickerTests.swift; sourceTree = "<group>"; };
		F0BB7ED329715830004EEBFC /* EmojiPicker.h */ = {isa = PBXFileReference; fileEncoding = 4; lastKnownFileType = sourcecode.c.h; path = EmojiPicker.h; sourceTree = "<group>"; };
		F0BB7ED429715830004EEBFC /* Package.swift */ = {isa = PBXFileReference; fileEncoding = 4; lastKnownFileType = sourcecode.swift; path = Package.swift; sourceTree = "<group>"; };
		F0BB7ED529715830004EEBFC /* README.md */ = {isa = PBXFileReference; fileEncoding = 4; lastKnownFileType = net.daringfireball.markdown; path = README.md; sourceTree = "<group>"; };
		F0BB7ED9297158BC004EEBFC /* EmojiPicker.podspec */ = {isa = PBXFileReference; fileEncoding = 4; lastKnownFileType = text; path = EmojiPicker.podspec; sourceTree = "<group>"; };
		F0BB7EF2297159A6004EEBFC /* EmojiPickerViewModel.swift */ = {isa = PBXFileReference; fileEncoding = 4; lastKnownFileType = sourcecode.swift; path = EmojiPickerViewModel.swift; sourceTree = "<group>"; };
		F0BB7EF6297159A6004EEBFC /* en */ = {isa = PBXFileReference; lastKnownFileType = text.plist.strings; name = en; path = en.lproj/Localizable.strings; sourceTree = "<group>"; };
		F0BB7EF7297159A6004EEBFC /* ru */ = {isa = PBXFileReference; lastKnownFileType = text.plist.strings; name = ru; path = ru.lproj/Localizable.strings; sourceTree = "<group>"; };
		F0BB7EF9297159A6004EEBFC /* EmojiModel.swift */ = {isa = PBXFileReference; fileEncoding = 4; lastKnownFileType = sourcecode.swift; path = EmojiModel.swift; sourceTree = "<group>"; };
		F0BB7EFA297159A6004EEBFC /* PickerArrowDirectionMode.swift */ = {isa = PBXFileReference; fileEncoding = 4; lastKnownFileType = sourcecode.swift; path = PickerArrowDirectionMode.swift; sourceTree = "<group>"; };
		F0BB7EFB297159A6004EEBFC /* Configuration.swift */ = {isa = PBXFileReference; fileEncoding = 4; lastKnownFileType = sourcecode.swift; path = Configuration.swift; sourceTree = "<group>"; };
		F0BB7EFE297159A6004EEBFC /* UIView.swift */ = {isa = PBXFileReference; fileEncoding = 4; lastKnownFileType = sourcecode.swift; path = UIView.swift; sourceTree = "<group>"; };
		F0BB7EFF297159A6004EEBFC /* UIColor.swift */ = {isa = PBXFileReference; fileEncoding = 4; lastKnownFileType = sourcecode.swift; path = UIColor.swift; sourceTree = "<group>"; };
		F0BB7F01297159A6004EEBFC /* Array.swift */ = {isa = PBXFileReference; fileEncoding = 4; lastKnownFileType = sourcecode.swift; path = Array.swift; sourceTree = "<group>"; };
		F0BB7F03297159A6004EEBFC /* Observable.swift */ = {isa = PBXFileReference; fileEncoding = 4; lastKnownFileType = sourcecode.swift; path = Observable.swift; sourceTree = "<group>"; };
		F0BB7F05297159A6004EEBFC /* EmojiPickerViewController.swift */ = {isa = PBXFileReference; fileEncoding = 4; lastKnownFileType = sourcecode.swift; path = EmojiPickerViewController.swift; sourceTree = "<group>"; };
		F0BB7F06297159A6004EEBFC /* EmojiCollectionViewHeader.swift */ = {isa = PBXFileReference; fileEncoding = 4; lastKnownFileType = sourcecode.swift; path = EmojiCollectionViewHeader.swift; sourceTree = "<group>"; };
		F0BB7F07297159A6004EEBFC /* EmojiCollectionViewCell.swift */ = {isa = PBXFileReference; fileEncoding = 4; lastKnownFileType = sourcecode.swift; path = EmojiCollectionViewCell.swift; sourceTree = "<group>"; };
		F0BB7F0A297159A6004EEBFC /* EmojiCategoryIconView.swift */ = {isa = PBXFileReference; fileEncoding = 4; lastKnownFileType = sourcecode.swift; path = EmojiCategoryIconView.swift; sourceTree = "<group>"; };
		F0BB7F0B297159A6004EEBFC /* TouchableEmojiCategoryView.swift */ = {isa = PBXFileReference; fileEncoding = 4; lastKnownFileType = sourcecode.swift; path = TouchableEmojiCategoryView.swift; sourceTree = "<group>"; };
		F0BB7F0C297159A6004EEBFC /* EmojiPickerView.swift */ = {isa = PBXFileReference; fileEncoding = 4; lastKnownFileType = sourcecode.swift; path = EmojiPickerView.swift; sourceTree = "<group>"; };
		F0BB7F10297159A6004EEBFC /* Unicode 5.swift */ = {isa = PBXFileReference; fileEncoding = 4; lastKnownFileType = sourcecode.swift; path = "Unicode 5.swift"; sourceTree = "<group>"; };
		F0BB7F11297159A6004EEBFC /* Unicode 13v1.swift */ = {isa = PBXFileReference; fileEncoding = 4; lastKnownFileType = sourcecode.swift; path = "Unicode 13v1.swift"; sourceTree = "<group>"; };
		F0BB7F12297159A6004EEBFC /* Unicode 14.swift */ = {isa = PBXFileReference; fileEncoding = 4; lastKnownFileType = sourcecode.swift; path = "Unicode 14.swift"; sourceTree = "<group>"; };
		F0BB7F13297159A6004EEBFC /* Unicode 12.swift */ = {isa = PBXFileReference; fileEncoding = 4; lastKnownFileType = sourcecode.swift; path = "Unicode 12.swift"; sourceTree = "<group>"; };
		F0BB7F14297159A6004EEBFC /* Unicode 13.swift */ = {isa = PBXFileReference; fileEncoding = 4; lastKnownFileType = sourcecode.swift; path = "Unicode 13.swift"; sourceTree = "<group>"; };
		F0BB7F15297159A6004EEBFC /* Unicode 11.swift */ = {isa = PBXFileReference; fileEncoding = 4; lastKnownFileType = sourcecode.swift; path = "Unicode 11.swift"; sourceTree = "<group>"; };
		F0BB7F16297159A6004EEBFC /* UnicodeManager.swift */ = {isa = PBXFileReference; fileEncoding = 4; lastKnownFileType = sourcecode.swift; path = UnicodeManager.swift; sourceTree = "<group>"; };
		F0BB7F2E29715ABF004EEBFC /* Bundle.swift */ = {isa = PBXFileReference; lastKnownFileType = sourcecode.swift; path = Bundle.swift; sourceTree = "<group>"; };
		F0BB7F3029715B73004EEBFC /* uk */ = {isa = PBXFileReference; lastKnownFileType = text.plist.strings; name = uk; path = uk.lproj/Localizable.strings; sourceTree = "<group>"; };
		F0BB7F3129715BA9004EEBFC /* fr */ = {isa = PBXFileReference; lastKnownFileType = text.plist.strings; name = fr; path = fr.lproj/Localizable.strings; sourceTree = "<group>"; };
		F0BB7F3229715BB7004EEBFC /* de */ = {isa = PBXFileReference; lastKnownFileType = text.plist.strings; name = de; path = de.lproj/Localizable.strings; sourceTree = "<group>"; };
		F0BB7F3329715BBB004EEBFC /* hi */ = {isa = PBXFileReference; lastKnownFileType = text.plist.strings; name = hi; path = hi.lproj/Localizable.strings; sourceTree = "<group>"; };
/* End PBXFileReference section */

/* Begin PBXFrameworksBuildPhase section */
		F0BB7EB7297157D3004EEBFC /* Frameworks */ = {
			isa = PBXFrameworksBuildPhase;
			buildActionMask = 2147483647;
			files = (
			);
			runOnlyForDeploymentPostprocessing = 0;
		};
		F0BB7EBF297157D3004EEBFC /* Frameworks */ = {
			isa = PBXFrameworksBuildPhase;
			buildActionMask = 2147483647;
			files = (
				F0BB7EC3297157D3004EEBFC /* EmojiPicker.framework in Frameworks */,
			);
			runOnlyForDeploymentPostprocessing = 0;
		};
/* End PBXFrameworksBuildPhase section */

/* Begin PBXGroup section */
		F0BB7EB0297157D3004EEBFC = {
			isa = PBXGroup;
			children = (
				F0BB7ED429715830004EEBFC /* Package.swift */,
				F0BB7ED529715830004EEBFC /* README.md */,
				F0BB7ED229715830004EEBFC /* Sources */,
				F0BB7EC6297157D3004EEBFC /* EmojiPickerTests */,
				F0BB7ED9297158BC004EEBFC /* EmojiPicker.podspec */,
				F0BB7EBB297157D3004EEBFC /* Products */,
			);
			sourceTree = "<group>";
		};
		F0BB7EBB297157D3004EEBFC /* Products */ = {
			isa = PBXGroup;
			children = (
				F0BB7EBA297157D3004EEBFC /* EmojiPicker.framework */,
				F0BB7EC2297157D3004EEBFC /* EmojiPickerTests.xctest */,
			);
			name = Products;
			sourceTree = "<group>";
		};
		F0BB7EC6297157D3004EEBFC /* EmojiPickerTests */ = {
			isa = PBXGroup;
			children = (
				F0BB7EC7297157D3004EEBFC /* EmojiPickerTests.swift */,
			);
			path = EmojiPickerTests;
			sourceTree = "<group>";
		};
		F0BB7ED229715830004EEBFC /* Sources */ = {
			isa = PBXGroup;
			children = (
				F0BB7EF0297159A6004EEBFC /* EmojiPicker */,
				F0BB7ED329715830004EEBFC /* EmojiPicker.h */,
			);
			path = Sources;
			sourceTree = "<group>";
		};
		F0BB7EF0297159A6004EEBFC /* EmojiPicker */ = {
			isa = PBXGroup;
			children = (
				F0BB7EF1297159A6004EEBFC /* ViewModel */,
				F0BB7F04297159A6004EEBFC /* Views */,
				F0BB7EF8297159A6004EEBFC /* Models */,
				F0BB7F0E297159A6004EEBFC /* Services */,
				F0BB7F02297159A6004EEBFC /* Bindings */,
				F0BB7EFC297159A6004EEBFC /* Extensions */,
				F0BB7EF3297159A6004EEBFC /* Resources */,
			);
			path = EmojiPicker;
			sourceTree = "<group>";
		};
		F0BB7EF1297159A6004EEBFC /* ViewModel */ = {
			isa = PBXGroup;
			children = (
				F0BB7EF2297159A6004EEBFC /* EmojiPickerViewModel.swift */,
			);
			path = ViewModel;
			sourceTree = "<group>";
		};
		F0BB7EF3297159A6004EEBFC /* Resources */ = {
			isa = PBXGroup;
			children = (
				F0BB7EF4297159A6004EEBFC /* Localization */,
			);
			path = Resources;
			sourceTree = "<group>";
		};
		F0BB7EF4297159A6004EEBFC /* Localization */ = {
			isa = PBXGroup;
			children = (
				F0BB7EF5297159A6004EEBFC /* Localizable.strings */,
			);
			path = Localization;
			sourceTree = "<group>";
		};
		F0BB7EF8297159A6004EEBFC /* Models */ = {
			isa = PBXGroup;
			children = (
				F0BB7EFB297159A6004EEBFC /* Configuration.swift */,
				F0BB7EF9297159A6004EEBFC /* EmojiModel.swift */,
				F0BB7EFA297159A6004EEBFC /* PickerArrowDirectionMode.swift */,
			);
			path = Models;
			sourceTree = "<group>";
		};
		F0BB7EFC297159A6004EEBFC /* Extensions */ = {
			isa = PBXGroup;
			children = (
				F0BB7EFD297159A6004EEBFC /* UIKit */,
				F0BB7F00297159A6004EEBFC /* Foundation */,
			);
			path = Extensions;
			sourceTree = "<group>";
		};
		F0BB7EFD297159A6004EEBFC /* UIKit */ = {
			isa = PBXGroup;
			children = (
				F0BB7EFE297159A6004EEBFC /* UIView.swift */,
				F0BB7EFF297159A6004EEBFC /* UIColor.swift */,
			);
			path = UIKit;
			sourceTree = "<group>";
		};
		F0BB7F00297159A6004EEBFC /* Foundation */ = {
			isa = PBXGroup;
			children = (
				F0BB7F01297159A6004EEBFC /* Array.swift */,
				F0BB7F2E29715ABF004EEBFC /* Bundle.swift */,
			);
			path = Foundation;
			sourceTree = "<group>";
		};
		F0BB7F02297159A6004EEBFC /* Bindings */ = {
			isa = PBXGroup;
			children = (
				F0BB7F03297159A6004EEBFC /* Observable.swift */,
			);
			path = Bindings;
			sourceTree = "<group>";
		};
		F0BB7F04297159A6004EEBFC /* Views */ = {
			isa = PBXGroup;
			children = (
				F0BB7F05297159A6004EEBFC /* EmojiPickerViewController.swift */,
				F0BB7F06297159A6004EEBFC /* EmojiCollectionViewHeader.swift */,
				F0BB7F07297159A6004EEBFC /* EmojiCollectionViewCell.swift */,
				F0BB7F08297159A6004EEBFC /* Views */,
			);
			path = Views;
			sourceTree = "<group>";
		};
		F0BB7F08297159A6004EEBFC /* Views */ = {
			isa = PBXGroup;
			children = (
				F0BB7F09297159A6004EEBFC /* EmojiCategoryView */,
				F0BB7F0C297159A6004EEBFC /* EmojiPickerView.swift */,
			);
			path = Views;
			sourceTree = "<group>";
		};
		F0BB7F09297159A6004EEBFC /* EmojiCategoryView */ = {
			isa = PBXGroup;
			children = (
				F0BB7F0A297159A6004EEBFC /* EmojiCategoryIconView.swift */,
				F0BB7F0B297159A6004EEBFC /* TouchableEmojiCategoryView.swift */,
			);
			path = EmojiCategoryView;
			sourceTree = "<group>";
		};
		F0BB7F0E297159A6004EEBFC /* Services */ = {
			isa = PBXGroup;
			children = (
				F0BB7F0F297159A6004EEBFC /* Unicode */,
				F0BB7F16297159A6004EEBFC /* UnicodeManager.swift */,
			);
			path = Services;
			sourceTree = "<group>";
		};
		F0BB7F0F297159A6004EEBFC /* Unicode */ = {
			isa = PBXGroup;
			children = (
				F0BB7F10297159A6004EEBFC /* Unicode 5.swift */,
				F0BB7F11297159A6004EEBFC /* Unicode 13v1.swift */,
				F0BB7F12297159A6004EEBFC /* Unicode 14.swift */,
				F0BB7F13297159A6004EEBFC /* Unicode 12.swift */,
				F0BB7F14297159A6004EEBFC /* Unicode 13.swift */,
				F0BB7F15297159A6004EEBFC /* Unicode 11.swift */,
			);
			path = Unicode;
			sourceTree = "<group>";
		};
/* End PBXGroup section */

/* Begin PBXHeadersBuildPhase section */
		F0BB7EB5297157D3004EEBFC /* Headers */ = {
			isa = PBXHeadersBuildPhase;
			buildActionMask = 2147483647;
			files = (
				F0BB7ED629715831004EEBFC /* EmojiPicker.h in Headers */,
			);
			runOnlyForDeploymentPostprocessing = 0;
		};
/* End PBXHeadersBuildPhase section */

/* Begin PBXNativeTarget section */
		F0BB7EB9297157D3004EEBFC /* EmojiPicker */ = {
			isa = PBXNativeTarget;
			buildConfigurationList = F0BB7ECC297157D3004EEBFC /* Build configuration list for PBXNativeTarget "EmojiPicker" */;
			buildPhases = (
				F0BB7EB5297157D3004EEBFC /* Headers */,
				F0BB7EB6297157D3004EEBFC /* Sources */,
				F0BB7EB7297157D3004EEBFC /* Frameworks */,
				F0BB7EB8297157D3004EEBFC /* Resources */,
			);
			buildRules = (
			);
			dependencies = (
			);
			name = EmojiPicker;
			productName = EmojiPicker;
			productReference = F0BB7EBA297157D3004EEBFC /* EmojiPicker.framework */;
			productType = "com.apple.product-type.framework";
		};
		F0BB7EC1297157D3004EEBFC /* EmojiPickerTests */ = {
			isa = PBXNativeTarget;
			buildConfigurationList = F0BB7ECF297157D3004EEBFC /* Build configuration list for PBXNativeTarget "EmojiPickerTests" */;
			buildPhases = (
				F0BB7EBE297157D3004EEBFC /* Sources */,
				F0BB7EBF297157D3004EEBFC /* Frameworks */,
				F0BB7EC0297157D3004EEBFC /* Resources */,
			);
			buildRules = (
			);
			dependencies = (
				F0BB7EC5297157D3004EEBFC /* PBXTargetDependency */,
			);
			name = EmojiPickerTests;
			productName = EmojiPickerTests;
			productReference = F0BB7EC2297157D3004EEBFC /* EmojiPickerTests.xctest */;
			productType = "com.apple.product-type.bundle.unit-test";
		};
/* End PBXNativeTarget section */

/* Begin PBXProject section */
		F0BB7EB1297157D3004EEBFC /* Project object */ = {
			isa = PBXProject;
			attributes = {
				BuildIndependentTargetsInParallel = 1;
				LastSwiftUpdateCheck = 1340;
				LastUpgradeCheck = 1340;
				TargetAttributes = {
					F0BB7EB9297157D3004EEBFC = {
						CreatedOnToolsVersion = 13.4.1;
						LastSwiftMigration = 1340;
					};
					F0BB7EC1297157D3004EEBFC = {
						CreatedOnToolsVersion = 13.4.1;
					};
				};
			};
			buildConfigurationList = F0BB7EB4297157D3004EEBFC /* Build configuration list for PBXProject "EmojiPicker" */;
			compatibilityVersion = "Xcode 13.0";
			developmentRegion = en;
			hasScannedForEncodings = 0;
			knownRegions = (
				en,
				Base,
				ru,
				uk,
				fr,
				de,
				hi,
			);
			mainGroup = F0BB7EB0297157D3004EEBFC;
			productRefGroup = F0BB7EBB297157D3004EEBFC /* Products */;
			projectDirPath = "";
			projectRoot = "";
			targets = (
				F0BB7EB9297157D3004EEBFC /* EmojiPicker */,
				F0BB7EC1297157D3004EEBFC /* EmojiPickerTests */,
			);
		};
/* End PBXProject section */

/* Begin PBXResourcesBuildPhase section */
		F0BB7EB8297157D3004EEBFC /* Resources */ = {
			isa = PBXResourcesBuildPhase;
			buildActionMask = 2147483647;
			files = (
				F0BB7ED829715831004EEBFC /* README.md in Resources */,
				F0BB7F18297159A6004EEBFC /* Localizable.strings in Resources */,
				F0BB7EDB297158BD004EEBFC /* EmojiPicker.podspec in Resources */,
			);
			runOnlyForDeploymentPostprocessing = 0;
		};
		F0BB7EC0297157D3004EEBFC /* Resources */ = {
			isa = PBXResourcesBuildPhase;
			buildActionMask = 2147483647;
			files = (
			);
			runOnlyForDeploymentPostprocessing = 0;
		};
/* End PBXResourcesBuildPhase section */

/* Begin PBXSourcesBuildPhase section */
		F0BB7EB6297157D3004EEBFC /* Sources */ = {
			isa = PBXSourcesBuildPhase;
			buildActionMask = 2147483647;
			files = (
				F0BB7F28297159A6004EEBFC /* Unicode 13v1.swift in Sources */,
				F0BB7F24297159A6004EEBFC /* TouchableEmojiCategoryView.swift in Sources */,
				F0BB7F1F297159A6004EEBFC /* Observable.swift in Sources */,
				F0BB7F1C297159A6004EEBFC /* UIView.swift in Sources */,
				F0BB7F2A297159A6004EEBFC /* Unicode 12.swift in Sources */,
				F0BB7F21297159A6004EEBFC /* EmojiCollectionViewHeader.swift in Sources */,
				F0BB7F1D297159A6004EEBFC /* UIColor.swift in Sources */,
				F0BB7F23297159A6004EEBFC /* EmojiCategoryIconView.swift in Sources */,
				F0BB7F27297159A6004EEBFC /* Unicode 5.swift in Sources */,
				F0BB7F20297159A6004EEBFC /* EmojiPickerViewController.swift in Sources */,
				F0BB7F2B297159A6004EEBFC /* Unicode 13.swift in Sources */,
				F0BB7F2F29715ABF004EEBFC /* Bundle.swift in Sources */,
				F0BB7F25297159A6004EEBFC /* EmojiPickerView.swift in Sources */,
				F0BB7F22297159A6004EEBFC /* EmojiCollectionViewCell.swift in Sources */,
				F0BB7F2C297159A6004EEBFC /* Unicode 11.swift in Sources */,
				F0BB7F1E297159A6004EEBFC /* Array.swift in Sources */,
				F0BB7F1A297159A6004EEBFC /* PickerArrowDirectionMode.swift in Sources */,
				F0BB7F19297159A6004EEBFC /* EmojiModel.swift in Sources */,
				F0BB7F1B297159A6004EEBFC /* Configuration.swift in Sources */,
				F0BB7F2D297159A6004EEBFC /* UnicodeManager.swift in Sources */,
				F0BB7F17297159A6004EEBFC /* EmojiPickerViewModel.swift in Sources */,
				F0BB7F29297159A6004EEBFC /* Unicode 14.swift in Sources */,
			);
			runOnlyForDeploymentPostprocessing = 0;
		};
		F0BB7EBE297157D3004EEBFC /* Sources */ = {
			isa = PBXSourcesBuildPhase;
			buildActionMask = 2147483647;
			files = (
				F0BB7EC8297157D3004EEBFC /* EmojiPickerTests.swift in Sources */,
			);
			runOnlyForDeploymentPostprocessing = 0;
		};
/* End PBXSourcesBuildPhase section */

/* Begin PBXTargetDependency section */
		F0BB7EC5297157D3004EEBFC /* PBXTargetDependency */ = {
			isa = PBXTargetDependency;
			target = F0BB7EB9297157D3004EEBFC /* EmojiPicker */;
			targetProxy = F0BB7EC4297157D3004EEBFC /* PBXContainerItemProxy */;
		};
/* End PBXTargetDependency section */

/* Begin PBXVariantGroup section */
		F0BB7EF5297159A6004EEBFC /* Localizable.strings */ = {
			isa = PBXVariantGroup;
			children = (
				F0BB7EF6297159A6004EEBFC /* en */,
				F0BB7EF7297159A6004EEBFC /* ru */,
				F0BB7F3029715B73004EEBFC /* uk */,
				F0BB7F3129715BA9004EEBFC /* fr */,
				F0BB7F3229715BB7004EEBFC /* de */,
				F0BB7F3329715BBB004EEBFC /* hi */,
			);
			name = Localizable.strings;
			sourceTree = "<group>";
		};
/* End PBXVariantGroup section */

/* Begin XCBuildConfiguration section */
		F0BB7ECA297157D3004EEBFC /* Debug */ = {
			isa = XCBuildConfiguration;
			buildSettings = {
				ALWAYS_SEARCH_USER_PATHS = NO;
				CLANG_ANALYZER_NONNULL = YES;
				CLANG_ANALYZER_NUMBER_OBJECT_CONVERSION = YES_AGGRESSIVE;
				CLANG_CXX_LANGUAGE_STANDARD = "gnu++17";
				CLANG_ENABLE_MODULES = YES;
				CLANG_ENABLE_OBJC_ARC = YES;
				CLANG_ENABLE_OBJC_WEAK = YES;
				CLANG_WARN_BLOCK_CAPTURE_AUTORELEASING = YES;
				CLANG_WARN_BOOL_CONVERSION = YES;
				CLANG_WARN_COMMA = YES;
				CLANG_WARN_CONSTANT_CONVERSION = YES;
				CLANG_WARN_DEPRECATED_OBJC_IMPLEMENTATIONS = YES;
				CLANG_WARN_DIRECT_OBJC_ISA_USAGE = YES_ERROR;
				CLANG_WARN_DOCUMENTATION_COMMENTS = YES;
				CLANG_WARN_EMPTY_BODY = YES;
				CLANG_WARN_ENUM_CONVERSION = YES;
				CLANG_WARN_INFINITE_RECURSION = YES;
				CLANG_WARN_INT_CONVERSION = YES;
				CLANG_WARN_NON_LITERAL_NULL_CONVERSION = YES;
				CLANG_WARN_OBJC_IMPLICIT_RETAIN_SELF = YES;
				CLANG_WARN_OBJC_LITERAL_CONVERSION = YES;
				CLANG_WARN_OBJC_ROOT_CLASS = YES_ERROR;
				CLANG_WARN_QUOTED_INCLUDE_IN_FRAMEWORK_HEADER = YES;
				CLANG_WARN_RANGE_LOOP_ANALYSIS = YES;
				CLANG_WARN_STRICT_PROTOTYPES = YES;
				CLANG_WARN_SUSPICIOUS_MOVE = YES;
				CLANG_WARN_UNGUARDED_AVAILABILITY = YES_AGGRESSIVE;
				CLANG_WARN_UNREACHABLE_CODE = YES;
				CLANG_WARN__DUPLICATE_METHOD_MATCH = YES;
				COPY_PHASE_STRIP = NO;
				CURRENT_PROJECT_VERSION = 1;
				DEBUG_INFORMATION_FORMAT = dwarf;
				ENABLE_STRICT_OBJC_MSGSEND = YES;
				ENABLE_TESTABILITY = YES;
				GCC_C_LANGUAGE_STANDARD = gnu11;
				GCC_DYNAMIC_NO_PIC = NO;
				GCC_NO_COMMON_BLOCKS = YES;
				GCC_OPTIMIZATION_LEVEL = 0;
				GCC_PREPROCESSOR_DEFINITIONS = (
					"DEBUG=1",
					"$(inherited)",
				);
				GCC_WARN_64_TO_32_BIT_CONVERSION = YES;
				GCC_WARN_ABOUT_RETURN_TYPE = YES_ERROR;
				GCC_WARN_UNDECLARED_SELECTOR = YES;
				GCC_WARN_UNINITIALIZED_AUTOS = YES_AGGRESSIVE;
				GCC_WARN_UNUSED_FUNCTION = YES;
				GCC_WARN_UNUSED_VARIABLE = YES;
				IPHONEOS_DEPLOYMENT_TARGET = 11.1;
				MTL_ENABLE_DEBUG_INFO = INCLUDE_SOURCE;
				MTL_FAST_MATH = YES;
				ONLY_ACTIVE_ARCH = YES;
				SDKROOT = iphoneos;
				SWIFT_ACTIVE_COMPILATION_CONDITIONS = DEBUG;
				SWIFT_OPTIMIZATION_LEVEL = "-Onone";
				VERSIONING_SYSTEM = "apple-generic";
				VERSION_INFO_PREFIX = "";
			};
			name = Debug;
		};
		F0BB7ECB297157D3004EEBFC /* Release */ = {
			isa = XCBuildConfiguration;
			buildSettings = {
				ALWAYS_SEARCH_USER_PATHS = NO;
				CLANG_ANALYZER_NONNULL = YES;
				CLANG_ANALYZER_NUMBER_OBJECT_CONVERSION = YES_AGGRESSIVE;
				CLANG_CXX_LANGUAGE_STANDARD = "gnu++17";
				CLANG_ENABLE_MODULES = YES;
				CLANG_ENABLE_OBJC_ARC = YES;
				CLANG_ENABLE_OBJC_WEAK = YES;
				CLANG_WARN_BLOCK_CAPTURE_AUTORELEASING = YES;
				CLANG_WARN_BOOL_CONVERSION = YES;
				CLANG_WARN_COMMA = YES;
				CLANG_WARN_CONSTANT_CONVERSION = YES;
				CLANG_WARN_DEPRECATED_OBJC_IMPLEMENTATIONS = YES;
				CLANG_WARN_DIRECT_OBJC_ISA_USAGE = YES_ERROR;
				CLANG_WARN_DOCUMENTATION_COMMENTS = YES;
				CLANG_WARN_EMPTY_BODY = YES;
				CLANG_WARN_ENUM_CONVERSION = YES;
				CLANG_WARN_INFINITE_RECURSION = YES;
				CLANG_WARN_INT_CONVERSION = YES;
				CLANG_WARN_NON_LITERAL_NULL_CONVERSION = YES;
				CLANG_WARN_OBJC_IMPLICIT_RETAIN_SELF = YES;
				CLANG_WARN_OBJC_LITERAL_CONVERSION = YES;
				CLANG_WARN_OBJC_ROOT_CLASS = YES_ERROR;
				CLANG_WARN_QUOTED_INCLUDE_IN_FRAMEWORK_HEADER = YES;
				CLANG_WARN_RANGE_LOOP_ANALYSIS = YES;
				CLANG_WARN_STRICT_PROTOTYPES = YES;
				CLANG_WARN_SUSPICIOUS_MOVE = YES;
				CLANG_WARN_UNGUARDED_AVAILABILITY = YES_AGGRESSIVE;
				CLANG_WARN_UNREACHABLE_CODE = YES;
				CLANG_WARN__DUPLICATE_METHOD_MATCH = YES;
				COPY_PHASE_STRIP = NO;
				CURRENT_PROJECT_VERSION = 1;
				DEBUG_INFORMATION_FORMAT = "dwarf-with-dsym";
				ENABLE_NS_ASSERTIONS = NO;
				ENABLE_STRICT_OBJC_MSGSEND = YES;
				GCC_C_LANGUAGE_STANDARD = gnu11;
				GCC_NO_COMMON_BLOCKS = YES;
				GCC_WARN_64_TO_32_BIT_CONVERSION = YES;
				GCC_WARN_ABOUT_RETURN_TYPE = YES_ERROR;
				GCC_WARN_UNDECLARED_SELECTOR = YES;
				GCC_WARN_UNINITIALIZED_AUTOS = YES_AGGRESSIVE;
				GCC_WARN_UNUSED_FUNCTION = YES;
				GCC_WARN_UNUSED_VARIABLE = YES;
				IPHONEOS_DEPLOYMENT_TARGET = 11.1;
				MTL_ENABLE_DEBUG_INFO = NO;
				MTL_FAST_MATH = YES;
				SDKROOT = iphoneos;
				SWIFT_COMPILATION_MODE = wholemodule;
				SWIFT_OPTIMIZATION_LEVEL = "-O";
				VALIDATE_PRODUCT = YES;
				VERSIONING_SYSTEM = "apple-generic";
				VERSION_INFO_PREFIX = "";
			};
			name = Release;
		};
		F0BB7ECD297157D3004EEBFC /* Debug */ = {
			isa = XCBuildConfiguration;
			buildSettings = {
				CLANG_ENABLE_MODULES = YES;
				CODE_SIGN_STYLE = Automatic;
				CURRENT_PROJECT_VERSION = 1;
				DEFINES_MODULE = YES;
				DEVELOPMENT_TEAM = H8V3Y2JKY7;
				DYLIB_COMPATIBILITY_VERSION = 1;
				DYLIB_CURRENT_VERSION = 1;
				DYLIB_INSTALL_NAME_BASE = "@rpath";
				GENERATE_INFOPLIST_FILE = YES;
				INFOPLIST_KEY_NSHumanReadableCopyright = "";
				INSTALL_PATH = "$(LOCAL_LIBRARY_DIR)/Frameworks";
				IPHONEOS_DEPLOYMENT_TARGET = 11.1;
				LD_RUNPATH_SEARCH_PATHS = (
					"$(inherited)",
					"@executable_path/Frameworks",
					"@loader_path/Frameworks",
				);
				MARKETING_VERSION = 1.0;
				PRODUCT_BUNDLE_IDENTIFIER = com.egbad.EmojiPicker;
				PRODUCT_NAME = "$(TARGET_NAME:c99extidentifier)";
				SKIP_INSTALL = YES;
				SUPPORTS_MACCATALYST = NO;
				SWIFT_EMIT_LOC_STRINGS = YES;
				SWIFT_OPTIMIZATION_LEVEL = "-Onone";
				SWIFT_VERSION = 5.0;
				TARGETED_DEVICE_FAMILY = 1;
			};
			name = Debug;
		};
		F0BB7ECE297157D3004EEBFC /* Release */ = {
			isa = XCBuildConfiguration;
			buildSettings = {
				CLANG_ENABLE_MODULES = YES;
				CODE_SIGN_STYLE = Automatic;
				CURRENT_PROJECT_VERSION = 1;
				DEFINES_MODULE = YES;
				DEVELOPMENT_TEAM = H8V3Y2JKY7;
				DYLIB_COMPATIBILITY_VERSION = 1;
				DYLIB_CURRENT_VERSION = 1;
				DYLIB_INSTALL_NAME_BASE = "@rpath";
				GENERATE_INFOPLIST_FILE = YES;
				INFOPLIST_KEY_NSHumanReadableCopyright = "";
				INSTALL_PATH = "$(LOCAL_LIBRARY_DIR)/Frameworks";
				IPHONEOS_DEPLOYMENT_TARGET = 11.1;
				LD_RUNPATH_SEARCH_PATHS = (
					"$(inherited)",
					"@executable_path/Frameworks",
					"@loader_path/Frameworks",
				);
				MARKETING_VERSION = 1.0;
				PRODUCT_BUNDLE_IDENTIFIER = com.egbad.EmojiPicker;
				PRODUCT_NAME = "$(TARGET_NAME:c99extidentifier)";
				SKIP_INSTALL = YES;
				SUPPORTS_MACCATALYST = NO;
				SWIFT_EMIT_LOC_STRINGS = YES;
				SWIFT_VERSION = 5.0;
				TARGETED_DEVICE_FAMILY = 1;
			};
			name = Release;
		};
		F0BB7ED0297157D3004EEBFC /* Debug */ = {
			isa = XCBuildConfiguration;
			buildSettings = {
				ALWAYS_EMBED_SWIFT_STANDARD_LIBRARIES = YES;
				CODE_SIGN_STYLE = Automatic;
				CURRENT_PROJECT_VERSION = 1;
				DEVELOPMENT_TEAM = H8V3Y2JKY7;
				GENERATE_INFOPLIST_FILE = YES;
				MARKETING_VERSION = 1.0;
				PRODUCT_BUNDLE_IDENTIFIER = com.egbad.EmojiPickerTests;
				PRODUCT_NAME = "$(TARGET_NAME)";
				SWIFT_EMIT_LOC_STRINGS = NO;
				SWIFT_VERSION = 5.0;
				TARGETED_DEVICE_FAMILY = "1,2";
			};
			name = Debug;
		};
		F0BB7ED1297157D3004EEBFC /* Release */ = {
			isa = XCBuildConfiguration;
			buildSettings = {
				ALWAYS_EMBED_SWIFT_STANDARD_LIBRARIES = YES;
				CODE_SIGN_STYLE = Automatic;
				CURRENT_PROJECT_VERSION = 1;
				DEVELOPMENT_TEAM = H8V3Y2JKY7;
				GENERATE_INFOPLIST_FILE = YES;
				MARKETING_VERSION = 1.0;
				PRODUCT_BUNDLE_IDENTIFIER = com.egbad.EmojiPickerTests;
				PRODUCT_NAME = "$(TARGET_NAME)";
				SWIFT_EMIT_LOC_STRINGS = NO;
				SWIFT_VERSION = 5.0;
				TARGETED_DEVICE_FAMILY = "1,2";
			};
			name = Release;
		};
/* End XCBuildConfiguration section */

/* Begin XCConfigurationList section */
		F0BB7EB4297157D3004EEBFC /* Build configuration list for PBXProject "EmojiPicker" */ = {
			isa = XCConfigurationList;
			buildConfigurations = (
				F0BB7ECA297157D3004EEBFC /* Debug */,
				F0BB7ECB297157D3004EEBFC /* Release */,
			);
			defaultConfigurationIsVisible = 0;
			defaultConfigurationName = Release;
		};
		F0BB7ECC297157D3004EEBFC /* Build configuration list for PBXNativeTarget "EmojiPicker" */ = {
			isa = XCConfigurationList;
			buildConfigurations = (
				F0BB7ECD297157D3004EEBFC /* Debug */,
				F0BB7ECE297157D3004EEBFC /* Release */,
			);
			defaultConfigurationIsVisible = 0;
			defaultConfigurationName = Release;
		};
		F0BB7ECF297157D3004EEBFC /* Build configuration list for PBXNativeTarget "EmojiPickerTests" */ = {
			isa = XCConfigurationList;
			buildConfigurations = (
				F0BB7ED0297157D3004EEBFC /* Debug */,
				F0BB7ED1297157D3004EEBFC /* Release */,
			);
			defaultConfigurationIsVisible = 0;
			defaultConfigurationName = Release;
		};
/* End XCConfigurationList section */
	};
	rootObject = F0BB7EB1297157D3004EEBFC /* Project object */;
}
