// !$*UTF8*$!
{
	archiveVersion = 1;
	classes = {
	};
	objectVersion = 56;
	objects = {

/* Begin PBXBuildFile section */
		C44B58B529867F5E006478D5 /* AppDelegate.swift in Sources */ = {isa = PBXBuildFile; fileRef = C44B58B429867F5E006478D5 /* AppDelegate.swift */; };
		C44B58B929867F5E006478D5 /* ViewController.swift in Sources */ = {isa = PBXBuildFile; fileRef = C44B58B829867F5E006478D5 /* ViewController.swift */; };
		C44B58BE29867F5F006478D5 /* Assets.xcassets in Resources */ = {isa = PBXBuildFile; fileRef = C44B58BD29867F5F006478D5 /* Assets.xcassets */; };
		C44B58C729867F66006478D5 /* MCEmojiPicker in Frameworks */ = {isa = PBXBuildFile; productRef = C44B58C629867F66006478D5 /* MCEmojiPicker */; };
		C49629B329873E2F0070BE66 /* Localizable.strings in Resources */ = {isa = PBXBuildFile; fileRef = C49629B529873E2F0070BE66 /* Localizable.strings */; };
		C49629BC298744EE0070BE66 /* LaunchScreen.storyboard in Resources */ = {isa = PBXBuildFile; fileRef = C49629BA298744EE0070BE66 /* LaunchScreen.storyboard */; };
/* End PBXBuildFile section */

/* Begin PBXFileReference section */
		C44B58AA29867E13006478D5 /* MCEmojiPicker */ = {isa = PBXFileReference; lastKnownFileType = wrapper; name = MCEmojiPicker; path = ..; sourceTree = "<group>"; };
		C44B58B229867F5E006478D5 /* iOS Example App.app */ = {isa = PBXFileReference; explicitFileType = wrapper.application; includeInIndex = 0; path = "iOS Example App.app"; sourceTree = BUILT_PRODUCTS_DIR; };
		C44B58B429867F5E006478D5 /* AppDelegate.swift */ = {isa = PBXFileReference; lastKnownFileType = sourcecode.swift; path = AppDelegate.swift; sourceTree = "<group>"; };
		C44B58B829867F5E006478D5 /* ViewController.swift */ = {isa = PBXFileReference; lastKnownFileType = sourcecode.swift; path = ViewController.swift; sourceTree = "<group>"; };
		C44B58BD29867F5F006478D5 /* Assets.xcassets */ = {isa = PBXFileReference; lastKnownFileType = folder.assetcatalog; path = Assets.xcassets; sourceTree = "<group>"; };
		C44B58C229867F5F006478D5 /* Info.plist */ = {isa = PBXFileReference; lastKnownFileType = text.plist.xml; path = Info.plist; sourceTree = "<group>"; };
		C49629B429873E2F0070BE66 /* en */ = {isa = PBXFileReference; lastKnownFileType = text.plist.strings; name = en; path = en.lproj/Localizable.strings; sourceTree = "<group>"; };
		C49629B629873E3B0070BE66 /* ar */ = {isa = PBXFileReference; lastKnownFileType = text.plist.strings; name = ar; path = ar.lproj/Localizable.strings; sourceTree = "<group>"; };
		C49629BB298744EE0070BE66 /* Base */ = {isa = PBXFileReference; lastKnownFileType = file.storyboard; name = Base; path = Base.lproj/LaunchScreen.storyboard; sourceTree = "<group>"; };
		C49629BD2987457E0070BE66 /* ca */ = {isa = PBXFileReference; lastKnownFileType = text.plist.strings; name = ca; path = ca.lproj/Localizable.strings; sourceTree = "<group>"; };
		C49629BE2987470A0070BE66 /* zh-HK */ = {isa = PBXFileReference; lastKnownFileType = text.plist.strings; name = "zh-HK"; path = "zh-HK.lproj/Localizable.strings"; sourceTree = "<group>"; };
		C49629BF2987470F0070BE66 /* zh-Hans */ = {isa = PBXFileReference; lastKnownFileType = text.plist.strings; name = "zh-Hans"; path = "zh-Hans.lproj/Localizable.strings"; sourceTree = "<group>"; };
		C49629C0298747140070BE66 /* zh-Hant */ = {isa = PBXFileReference; lastKnownFileType = text.plist.strings; name = "zh-Hant"; path = "zh-Hant.lproj/Localizable.strings"; sourceTree = "<group>"; };
		C49629C1298747180070BE66 /* hr */ = {isa = PBXFileReference; lastKnownFileType = text.plist.strings; name = hr; path = hr.lproj/Localizable.strings; sourceTree = "<group>"; };
		C49629C22987471D0070BE66 /* cs */ = {isa = PBXFileReference; lastKnownFileType = text.plist.strings; name = cs; path = cs.lproj/Localizable.strings; sourceTree = "<group>"; };
		C49629C3298747210070BE66 /* da */ = {isa = PBXFileReference; lastKnownFileType = text.plist.strings; name = da; path = da.lproj/Localizable.strings; sourceTree = "<group>"; };
		C49629C4298747260070BE66 /* nl */ = {isa = PBXFileReference; lastKnownFileType = text.plist.strings; name = nl; path = nl.lproj/Localizable.strings; sourceTree = "<group>"; };
		C49629C52987472A0070BE66 /* en-AU */ = {isa = PBXFileReference; lastKnownFileType = text.plist.strings; name = "en-AU"; path = "en-AU.lproj/Localizable.strings"; sourceTree = "<group>"; };
		C49629C62987472F0070BE66 /* en-IN */ = {isa = PBXFileReference; lastKnownFileType = text.plist.strings; name = "en-IN"; path = "en-IN.lproj/Localizable.strings"; sourceTree = "<group>"; };
		C49629C7298747340070BE66 /* en-GB */ = {isa = PBXFileReference; lastKnownFileType = text.plist.strings; name = "en-GB"; path = "en-GB.lproj/Localizable.strings"; sourceTree = "<group>"; };
		C49629C8298747390070BE66 /* fi */ = {isa = PBXFileReference; lastKnownFileType = text.plist.strings; name = fi; path = fi.lproj/Localizable.strings; sourceTree = "<group>"; };
		C49629C92987473E0070BE66 /* fr */ = {isa = PBXFileReference; lastKnownFileType = text.plist.strings; name = fr; path = fr.lproj/Localizable.strings; sourceTree = "<group>"; };
		C49629CA298747430070BE66 /* fr-CA */ = {isa = PBXFileReference; lastKnownFileType = text.plist.strings; name = "fr-CA"; path = "fr-CA.lproj/Localizable.strings"; sourceTree = "<group>"; };
		C49629CB298747480070BE66 /* de */ = {isa = PBXFileReference; lastKnownFileType = text.plist.strings; name = de; path = de.lproj/Localizable.strings; sourceTree = "<group>"; };
		C49629CC2987474D0070BE66 /* el */ = {isa = PBXFileReference; lastKnownFileType = text.plist.strings; name = el; path = el.lproj/Localizable.strings; sourceTree = "<group>"; };
		C49629CD298747520070BE66 /* he */ = {isa = PBXFileReference; lastKnownFileType = text.plist.strings; name = he; path = he.lproj/Localizable.strings; sourceTree = "<group>"; };
		C49629CE298747580070BE66 /* hi */ = {isa = PBXFileReference; lastKnownFileType = text.plist.strings; name = hi; path = hi.lproj/Localizable.strings; sourceTree = "<group>"; };
		C49629CF2987475D0070BE66 /* hu */ = {isa = PBXFileReference; lastKnownFileType = text.plist.strings; name = hu; path = hu.lproj/Localizable.strings; sourceTree = "<group>"; };
		C49629D0298747620070BE66 /* id */ = {isa = PBXFileReference; lastKnownFileType = text.plist.strings; name = id; path = id.lproj/Localizable.strings; sourceTree = "<group>"; };
		C49629D1298747660070BE66 /* it */ = {isa = PBXFileReference; lastKnownFileType = text.plist.strings; name = it; path = it.lproj/Localizable.strings; sourceTree = "<group>"; };
		C49629D22987476D0070BE66 /* ja */ = {isa = PBXFileReference; lastKnownFileType = text.plist.strings; name = ja; path = ja.lproj/Localizable.strings; sourceTree = "<group>"; };
		C49629D3298747720070BE66 /* ko */ = {isa = PBXFileReference; lastKnownFileType = text.plist.strings; name = ko; path = ko.lproj/Localizable.strings; sourceTree = "<group>"; };
		C49629D4298747760070BE66 /* ms */ = {isa = PBXFileReference; lastKnownFileType = text.plist.strings; name = ms; path = ms.lproj/Localizable.strings; sourceTree = "<group>"; };
		C49629D52987477B0070BE66 /* nb */ = {isa = PBXFileReference; lastKnownFileType = text.plist.strings; name = nb; path = nb.lproj/Localizable.strings; sourceTree = "<group>"; };
		C49629D6298747800070BE66 /* pl */ = {isa = PBXFileReference; lastKnownFileType = text.plist.strings; name = pl; path = pl.lproj/Localizable.strings; sourceTree = "<group>"; };
		C49629D7298747850070BE66 /* pt-BR */ = {isa = PBXFileReference; lastKnownFileType = text.plist.strings; name = "pt-BR"; path = "pt-BR.lproj/Localizable.strings"; sourceTree = "<group>"; };
		C49629D82987478A0070BE66 /* pt-PT */ = {isa = PBXFileReference; lastKnownFileType = text.plist.strings; name = "pt-PT"; path = "pt-PT.lproj/Localizable.strings"; sourceTree = "<group>"; };
		C49629D92987478E0070BE66 /* ro */ = {isa = PBXFileReference; lastKnownFileType = text.plist.strings; name = ro; path = ro.lproj/Localizable.strings; sourceTree = "<group>"; };
		C49629DA298747940070BE66 /* ru */ = {isa = PBXFileReference; lastKnownFileType = text.plist.strings; name = ru; path = ru.lproj/Localizable.strings; sourceTree = "<group>"; };
		C49629DB298747990070BE66 /* sk */ = {isa = PBXFileReference; lastKnownFileType = text.plist.strings; name = sk; path = sk.lproj/Localizable.strings; sourceTree = "<group>"; };
		C49629DC2987479E0070BE66 /* es */ = {isa = PBXFileReference; lastKnownFileType = text.plist.strings; name = es; path = es.lproj/Localizable.strings; sourceTree = "<group>"; };
		C49629DD298747A20070BE66 /* es-419 */ = {isa = PBXFileReference; lastKnownFileType = text.plist.strings; name = "es-419"; path = "es-419.lproj/Localizable.strings"; sourceTree = "<group>"; };
		C49629DE298747A60070BE66 /* sv */ = {isa = PBXFileReference; lastKnownFileType = text.plist.strings; name = sv; path = sv.lproj/Localizable.strings; sourceTree = "<group>"; };
		C49629DF298747AB0070BE66 /* th */ = {isa = PBXFileReference; lastKnownFileType = text.plist.strings; name = th; path = th.lproj/Localizable.strings; sourceTree = "<group>"; };
		C49629E0298747AF0070BE66 /* tr */ = {isa = PBXFileReference; lastKnownFileType = text.plist.strings; name = tr; path = tr.lproj/Localizable.strings; sourceTree = "<group>"; };
		C49629E1298747B30070BE66 /* uk */ = {isa = PBXFileReference; lastKnownFileType = text.plist.strings; name = uk; path = uk.lproj/Localizable.strings; sourceTree = "<group>"; };
		C49629E2298747B80070BE66 /* vi */ = {isa = PBXFileReference; lastKnownFileType = text.plist.strings; name = vi; path = vi.lproj/Localizable.strings; sourceTree = "<group>"; };
/* End PBXFileReference section */

/* Begin PBXFrameworksBuildPhase section */
		C44B58AF29867F5E006478D5 /* Frameworks */ = {
			isa = PBXFrameworksBuildPhase;
			buildActionMask = 2147483647;
			files = (
				C44B58C729867F66006478D5 /* MCEmojiPicker in Frameworks */,
			);
			runOnlyForDeploymentPostprocessing = 0;
		};
/* End PBXFrameworksBuildPhase section */

/* Begin PBXGroup section */
		C44B588929867DCB006478D5 = {
			isa = PBXGroup;
			children = (
				C44B58A929867E13006478D5 /* Packages */,
				C44B58B329867F5E006478D5 /* iOS Example App */,
				C44B589329867DCB006478D5 /* Products */,
				C44B58AB29867EC5006478D5 /* Frameworks */,
			);
			sourceTree = "<group>";
		};
		C44B589329867DCB006478D5 /* Products */ = {
			isa = PBXGroup;
			children = (
				C44B58B229867F5E006478D5 /* iOS Example App.app */,
			);
			name = Products;
			sourceTree = "<group>";
		};
		C44B58A929867E13006478D5 /* Packages */ = {
			isa = PBXGroup;
			children = (
				C44B58AA29867E13006478D5 /* MCEmojiPicker */,
			);
			name = Packages;
			sourceTree = "<group>";
		};
		C44B58AB29867EC5006478D5 /* Frameworks */ = {
			isa = PBXGroup;
			children = (
			);
			name = Frameworks;
			sourceTree = "<group>";
		};
		C44B58B329867F5E006478D5 /* iOS Example App */ = {
			isa = PBXGroup;
			children = (
				C4E4AF202986834A004BB947 /* App */,
				C4E4AF212986835D004BB947 /* Controllers */,
				C44B58C82986808E006478D5 /* Resources */,
			);
			path = "iOS Example App";
			sourceTree = "<group>";
		};
		C44B58C82986808E006478D5 /* Resources */ = {
			isa = PBXGroup;
			children = (
				C44B58BD29867F5F006478D5 /* Assets.xcassets */,
				C44B58C229867F5F006478D5 /* Info.plist */,
				C49629BA298744EE0070BE66 /* LaunchScreen.storyboard */,
				C49629B029873E1D0070BE66 /* Localization */,
			);
			path = Resources;
			sourceTree = "<group>";
		};
		C49629B029873E1D0070BE66 /* Localization */ = {
			isa = PBXGroup;
			children = (
				C49629B529873E2F0070BE66 /* Localizable.strings */,
			);
			path = Localization;
			sourceTree = "<group>";
		};
		C4E4AF202986834A004BB947 /* App */ = {
			isa = PBXGroup;
			children = (
				C44B58B429867F5E006478D5 /* AppDelegate.swift */,
			);
			path = App;
			sourceTree = "<group>";
		};
		C4E4AF212986835D004BB947 /* Controllers */ = {
			isa = PBXGroup;
			children = (
				C44B58B829867F5E006478D5 /* ViewController.swift */,
			);
			path = Controllers;
			sourceTree = "<group>";
		};
/* End PBXGroup section */

/* Begin PBXNativeTarget section */
		C44B58B129867F5E006478D5 /* iOS Example App */ = {
			isa = PBXNativeTarget;
			buildConfigurationList = C44B58C329867F5F006478D5 /* Build configuration list for PBXNativeTarget "iOS Example App" */;
			buildPhases = (
				C44B58AE29867F5E006478D5 /* Sources */,
				C44B58AF29867F5E006478D5 /* Frameworks */,
				C44B58B029867F5E006478D5 /* Resources */,
			);
			buildRules = (
			);
			dependencies = (
			);
			name = "iOS Example App";
			packageProductDependencies = (
				C44B58C629867F66006478D5 /* MCEmojiPicker */,
			);
			productName = "iOS Example App";
			productReference = C44B58B229867F5E006478D5 /* iOS Example App.app */;
			productType = "com.apple.product-type.application";
		};
/* End PBXNativeTarget section */

/* Begin PBXProject section */
		C44B588A29867DCB006478D5 /* Project object */ = {
			isa = PBXProject;
			attributes = {
				BuildIndependentTargetsInParallel = 1;
				LastSwiftUpdateCheck = 1400;
				LastUpgradeCheck = 1400;
				TargetAttributes = {
					C44B58B129867F5E006478D5 = {
						CreatedOnToolsVersion = 14.0.1;
					};
				};
			};
			buildConfigurationList = C44B588D29867DCB006478D5 /* Build configuration list for PBXProject "MCEmojiPicker" */;
			compatibilityVersion = "Xcode 14.0";
			developmentRegion = en;
			hasScannedForEncodings = 0;
			knownRegions = (
				en,
				ar,
				Base,
				ca,
				"zh-HK",
				"zh-Hans",
				"zh-Hant",
				hr,
				cs,
				da,
				nl,
				"en-AU",
				"en-IN",
				"en-GB",
				fi,
				fr,
				"fr-CA",
				de,
				el,
				he,
				hi,
				hu,
				id,
				it,
				ja,
				ko,
				ms,
				nb,
				pl,
				"pt-BR",
				"pt-PT",
				ro,
				ru,
				sk,
				es,
				"es-419",
				sv,
				th,
				tr,
				uk,
				vi,
			);
			mainGroup = C44B588929867DCB006478D5;
			productRefGroup = C44B589329867DCB006478D5 /* Products */;
			projectDirPath = "";
			projectRoot = "";
			targets = (
				C44B58B129867F5E006478D5 /* iOS Example App */,
			);
		};
/* End PBXProject section */

/* Begin PBXResourcesBuildPhase section */
		C44B58B029867F5E006478D5 /* Resources */ = {
			isa = PBXResourcesBuildPhase;
			buildActionMask = 2147483647;
			files = (
				C49629BC298744EE0070BE66 /* LaunchScreen.storyboard in Resources */,
				C49629B329873E2F0070BE66 /* Localizable.strings in Resources */,
				C44B58BE29867F5F006478D5 /* Assets.xcassets in Resources */,
			);
			runOnlyForDeploymentPostprocessing = 0;
		};
/* End PBXResourcesBuildPhase section */

/* Begin PBXSourcesBuildPhase section */
		C44B58AE29867F5E006478D5 /* Sources */ = {
			isa = PBXSourcesBuildPhase;
			buildActionMask = 2147483647;
			files = (
				C44B58B929867F5E006478D5 /* ViewController.swift in Sources */,
				C44B58B529867F5E006478D5 /* AppDelegate.swift in Sources */,
			);
			runOnlyForDeploymentPostprocessing = 0;
		};
/* End PBXSourcesBuildPhase section */

/* Begin PBXVariantGroup section */
		C49629B529873E2F0070BE66 /* Localizable.strings */ = {
			isa = PBXVariantGroup;
			children = (
				C49629B429873E2F0070BE66 /* en */,
				C49629B629873E3B0070BE66 /* ar */,
				C49629BD2987457E0070BE66 /* ca */,
				C49629BE2987470A0070BE66 /* zh-HK */,
				C49629BF2987470F0070BE66 /* zh-Hans */,
				C49629C0298747140070BE66 /* zh-Hant */,
				C49629C1298747180070BE66 /* hr */,
				C49629C22987471D0070BE66 /* cs */,
				C49629C3298747210070BE66 /* da */,
				C49629C4298747260070BE66 /* nl */,
				C49629C52987472A0070BE66 /* en-AU */,
				C49629C62987472F0070BE66 /* en-IN */,
				C49629C7298747340070BE66 /* en-GB */,
				C49629C8298747390070BE66 /* fi */,
				C49629C92987473E0070BE66 /* fr */,
				C49629CA298747430070BE66 /* fr-CA */,
				C49629CB298747480070BE66 /* de */,
				C49629CC2987474D0070BE66 /* el */,
				C49629CD298747520070BE66 /* he */,
				C49629CE298747580070BE66 /* hi */,
				C49629CF2987475D0070BE66 /* hu */,
				C49629D0298747620070BE66 /* id */,
				C49629D1298747660070BE66 /* it */,
				C49629D22987476D0070BE66 /* ja */,
				C49629D3298747720070BE66 /* ko */,
				C49629D4298747760070BE66 /* ms */,
				C49629D52987477B0070BE66 /* nb */,
				C49629D6298747800070BE66 /* pl */,
				C49629D7298747850070BE66 /* pt-BR */,
				C49629D82987478A0070BE66 /* pt-PT */,
				C49629D92987478E0070BE66 /* ro */,
				C49629DA298747940070BE66 /* ru */,
				C49629DB298747990070BE66 /* sk */,
				C49629DC2987479E0070BE66 /* es */,
				C49629DD298747A20070BE66 /* es-419 */,
				C49629DE298747A60070BE66 /* sv */,
				C49629DF298747AB0070BE66 /* th */,
				C49629E0298747AF0070BE66 /* tr */,
				C49629E1298747B30070BE66 /* uk */,
				C49629E2298747B80070BE66 /* vi */,
			);
			name = Localizable.strings;
			sourceTree = "<group>";
		};
		C49629BA298744EE0070BE66 /* LaunchScreen.storyboard */ = {
			isa = PBXVariantGroup;
			children = (
				C49629BB298744EE0070BE66 /* Base */,
			);
			name = LaunchScreen.storyboard;
			sourceTree = "<group>";
		};
/* End PBXVariantGroup section */

/* Begin XCBuildConfiguration section */
		C44B58A429867DCC006478D5 /* Debug */ = {
			isa = XCBuildConfiguration;
			buildSettings = {
				ALWAYS_SEARCH_USER_PATHS = NO;
				CLANG_ANALYZER_LOCALIZABILITY_NONLOCALIZED = YES;
				CLANG_ANALYZER_NONNULL = YES;
				CLANG_ANALYZER_NUMBER_OBJECT_CONVERSION = YES_AGGRESSIVE;
				CLANG_CXX_LANGUAGE_STANDARD = "gnu++20";
				CLANG_ENABLE_MODULES = YES;
				CLANG_ENABLE_OBJC_ARC = YES;
				CLANG_ENABLE_OBJC_WEAK = YES;
				CLANG_WARN_BLOCK_CAPTURE_AUTORELEASING = YES;
				CLANG_WARN_BOOL_CONVERSION = YES;
				CLANG_WARN_COMMA = YES;
				CLANG_WARN_CONSTANT_CONVERSION = YES;
				CLANG_WARN_DEPRECATED_OBJC_IMPLEMENTATIONS = YES;
				CLANG_WARN_DIRECT_OBJC_ISA_USAGE = YES_ERROR;
				CLANG_WARN_DOCUMENTATION_COMMENTS = YES;
				CLANG_WARN_EMPTY_BODY = YES;
				CLANG_WARN_ENUM_CONVERSION = YES;
				CLANG_WARN_INFINITE_RECURSION = YES;
				CLANG_WARN_INT_CONVERSION = YES;
				CLANG_WARN_NON_LITERAL_NULL_CONVERSION = YES;
				CLANG_WARN_OBJC_IMPLICIT_RETAIN_SELF = YES;
				CLANG_WARN_OBJC_LITERAL_CONVERSION = YES;
				CLANG_WARN_OBJC_ROOT_CLASS = YES_ERROR;
				CLANG_WARN_QUOTED_INCLUDE_IN_FRAMEWORK_HEADER = YES;
				CLANG_WARN_RANGE_LOOP_ANALYSIS = YES;
				CLANG_WARN_STRICT_PROTOTYPES = YES;
				CLANG_WARN_SUSPICIOUS_MOVE = YES;
				CLANG_WARN_UNGUARDED_AVAILABILITY = YES_AGGRESSIVE;
				CLANG_WARN_UNREACHABLE_CODE = YES;
				CLANG_WARN__DUPLICATE_METHOD_MATCH = YES;
				COPY_PHASE_STRIP = NO;
				DEBUG_INFORMATION_FORMAT = dwarf;
				ENABLE_STRICT_OBJC_MSGSEND = YES;
				ENABLE_TESTABILITY = YES;
				GCC_C_LANGUAGE_STANDARD = gnu11;
				GCC_DYNAMIC_NO_PIC = NO;
				GCC_NO_COMMON_BLOCKS = YES;
				GCC_OPTIMIZATION_LEVEL = 0;
				GCC_PREPROCESSOR_DEFINITIONS = (
					"DEBUG=1",
					"$(inherited)",
				);
				GCC_WARN_64_TO_32_BIT_CONVERSION = YES;
				GCC_WARN_ABOUT_RETURN_TYPE = YES_ERROR;
				GCC_WARN_UNDECLARED_SELECTOR = YES;
				GCC_WARN_UNINITIALIZED_AUTOS = YES_AGGRESSIVE;
				GCC_WARN_UNUSED_FUNCTION = YES;
				GCC_WARN_UNUSED_VARIABLE = YES;
				IPHONEOS_DEPLOYMENT_TARGET = 12.0;
				MTL_ENABLE_DEBUG_INFO = INCLUDE_SOURCE;
				MTL_FAST_MATH = YES;
				ONLY_ACTIVE_ARCH = YES;
				SDKROOT = iphoneos;
				SWIFT_ACTIVE_COMPILATION_CONDITIONS = DEBUG;
				SWIFT_OPTIMIZATION_LEVEL = "-Onone";
			};
			name = Debug;
		};
		C44B58A529867DCC006478D5 /* Release */ = {
			isa = XCBuildConfiguration;
			buildSettings = {
				ALWAYS_SEARCH_USER_PATHS = NO;
				CLANG_ANALYZER_LOCALIZABILITY_NONLOCALIZED = YES;
				CLANG_ANALYZER_NONNULL = YES;
				CLANG_ANALYZER_NUMBER_OBJECT_CONVERSION = YES_AGGRESSIVE;
				CLANG_CXX_LANGUAGE_STANDARD = "gnu++20";
				CLANG_ENABLE_MODULES = YES;
				CLANG_ENABLE_OBJC_ARC = YES;
				CLANG_ENABLE_OBJC_WEAK = YES;
				CLANG_WARN_BLOCK_CAPTURE_AUTORELEASING = YES;
				CLANG_WARN_BOOL_CONVERSION = YES;
				CLANG_WARN_COMMA = YES;
				CLANG_WARN_CONSTANT_CONVERSION = YES;
				CLANG_WARN_DEPRECATED_OBJC_IMPLEMENTATIONS = YES;
				CLANG_WARN_DIRECT_OBJC_ISA_USAGE = YES_ERROR;
				CLANG_WARN_DOCUMENTATION_COMMENTS = YES;
				CLANG_WARN_EMPTY_BODY = YES;
				CLANG_WARN_ENUM_CONVERSION = YES;
				CLANG_WARN_INFINITE_RECURSION = YES;
				CLANG_WARN_INT_CONVERSION = YES;
				CLANG_WARN_NON_LITERAL_NULL_CONVERSION = YES;
				CLANG_WARN_OBJC_IMPLICIT_RETAIN_SELF = YES;
				CLANG_WARN_OBJC_LITERAL_CONVERSION = YES;
				CLANG_WARN_OBJC_ROOT_CLASS = YES_ERROR;
				CLANG_WARN_QUOTED_INCLUDE_IN_FRAMEWORK_HEADER = YES;
				CLANG_WARN_RANGE_LOOP_ANALYSIS = YES;
				CLANG_WARN_STRICT_PROTOTYPES = YES;
				CLANG_WARN_SUSPICIOUS_MOVE = YES;
				CLANG_WARN_UNGUARDED_AVAILABILITY = YES_AGGRESSIVE;
				CLANG_WARN_UNREACHABLE_CODE = YES;
				CLANG_WARN__DUPLICATE_METHOD_MATCH = YES;
				COPY_PHASE_STRIP = NO;
				DEBUG_INFORMATION_FORMAT = "dwarf-with-dsym";
				ENABLE_NS_ASSERTIONS = NO;
				ENABLE_STRICT_OBJC_MSGSEND = YES;
				GCC_C_LANGUAGE_STANDARD = gnu11;
				GCC_NO_COMMON_BLOCKS = YES;
				GCC_WARN_64_TO_32_BIT_CONVERSION = YES;
				GCC_WARN_ABOUT_RETURN_TYPE = YES_ERROR;
				GCC_WARN_UNDECLARED_SELECTOR = YES;
				GCC_WARN_UNINITIALIZED_AUTOS = YES_AGGRESSIVE;
				GCC_WARN_UNUSED_FUNCTION = YES;
				GCC_WARN_UNUSED_VARIABLE = YES;
				IPHONEOS_DEPLOYMENT_TARGET = 12.0;
				MTL_ENABLE_DEBUG_INFO = NO;
				MTL_FAST_MATH = YES;
				SDKROOT = iphoneos;
				SWIFT_COMPILATION_MODE = wholemodule;
				SWIFT_OPTIMIZATION_LEVEL = "-O";
				VALIDATE_PRODUCT = YES;
			};
			name = Release;
		};
		C44B58C429867F5F006478D5 /* Debug */ = {
			isa = XCBuildConfiguration;
			buildSettings = {
				ASSETCATALOG_COMPILER_APPICON_NAME = AppIcon;
				ASSETCATALOG_COMPILER_GLOBAL_ACCENT_COLOR_NAME = AccentColor;
				CODE_SIGN_STYLE = Automatic;
				CURRENT_PROJECT_VERSION = 1;
				DEVELOPMENT_TEAM = "";
				GENERATE_INFOPLIST_FILE = YES;
				INFOPLIST_FILE = "iOS Example App/Resources/Info.plist";
				INFOPLIST_KEY_CFBundleDisplayName = MCEmojiPicker;
				INFOPLIST_KEY_UIApplicationSupportsIndirectInputEvents = YES;
				INFOPLIST_KEY_UILaunchStoryboardName = LaunchScreen;
				INFOPLIST_KEY_UIMainStoryboardFile = "";
				INFOPLIST_KEY_UISupportedInterfaceOrientations_iPad = "UIInterfaceOrientationPortrait UIInterfaceOrientationPortraitUpsideDown UIInterfaceOrientationLandscapeLeft UIInterfaceOrientationLandscapeRight";
				INFOPLIST_KEY_UISupportedInterfaceOrientations_iPhone = "UIInterfaceOrientationPortrait UIInterfaceOrientationLandscapeLeft UIInterfaceOrientationLandscapeRight";
				IPHONEOS_DEPLOYMENT_TARGET = 12.0;
				LD_RUNPATH_SEARCH_PATHS = (
					"$(inherited)",
					"@executable_path/Frameworks",
				);
				MARKETING_VERSION = 1.0;
				PRODUCT_BUNDLE_IDENTIFIER = "izyumkin.iOS-Example-App";
				PRODUCT_NAME = "$(TARGET_NAME)";
				SWIFT_EMIT_LOC_STRINGS = YES;
				SWIFT_VERSION = 5.0;
				TARGETED_DEVICE_FAMILY = "1,2";
			};
			name = Debug;
		};
		C44B58C529867F5F006478D5 /* Release */ = {
			isa = XCBuildConfiguration;
			buildSettings = {
				ASSETCATALOG_COMPILER_APPICON_NAME = AppIcon;
				ASSETCATALOG_COMPILER_GLOBAL_ACCENT_COLOR_NAME = AccentColor;
				CODE_SIGN_STYLE = Automatic;
				CURRENT_PROJECT_VERSION = 1;
				DEVELOPMENT_TEAM = "";
				GENERATE_INFOPLIST_FILE = YES;
				INFOPLIST_FILE = "iOS Example App/Resources/Info.plist";
				INFOPLIST_KEY_CFBundleDisplayName = MCEmojiPicker;
				INFOPLIST_KEY_UIApplicationSupportsIndirectInputEvents = YES;
				INFOPLIST_KEY_UILaunchStoryboardName = LaunchScreen;
				INFOPLIST_KEY_UIMainStoryboardFile = "";
				INFOPLIST_KEY_UISupportedInterfaceOrientations_iPad = "UIInterfaceOrientationPortrait UIInterfaceOrientationPortraitUpsideDown UIInterfaceOrientationLandscapeLeft UIInterfaceOrientationLandscapeRight";
				INFOPLIST_KEY_UISupportedInterfaceOrientations_iPhone = "UIInterfaceOrientationPortrait UIInterfaceOrientationLandscapeLeft UIInterfaceOrientationLandscapeRight";
				IPHONEOS_DEPLOYMENT_TARGET = 12.0;
				LD_RUNPATH_SEARCH_PATHS = (
					"$(inherited)",
					"@executable_path/Frameworks",
				);
				MARKETING_VERSION = 1.0;
				PRODUCT_BUNDLE_IDENTIFIER = "izyumkin.iOS-Example-App";
				PRODUCT_NAME = "$(TARGET_NAME)";
				SWIFT_EMIT_LOC_STRINGS = YES;
				SWIFT_VERSION = 5.0;
				TARGETED_DEVICE_FAMILY = "1,2";
			};
			name = Release;
		};
/* End XCBuildConfiguration section */

/* Begin XCConfigurationList section */
		C44B588D29867DCB006478D5 /* Build configuration list for PBXProject "MCEmojiPicker" */ = {
			isa = XCConfigurationList;
			buildConfigurations = (
				C44B58A429867DCC006478D5 /* Debug */,
				C44B58A529867DCC006478D5 /* Release */,
			);
			defaultConfigurationIsVisible = 0;
			defaultConfigurationName = Release;
		};
		C44B58C329867F5F006478D5 /* Build configuration list for PBXNativeTarget "iOS Example App" */ = {
			isa = XCConfigurationList;
			buildConfigurations = (
				C44B58C429867F5F006478D5 /* Debug */,
				C44B58C529867F5F006478D5 /* Release */,
			);
			defaultConfigurationIsVisible = 0;
			defaultConfigurationName = Release;
		};
/* End XCConfigurationList section */

/* Begin XCSwiftPackageProductDependency section */
		C44B58C629867F66006478D5 /* MCEmojiPicker */ = {
			isa = XCSwiftPackageProductDependency;
			productName = MCEmojiPicker;
		};
/* End XCSwiftPackageProductDependency section */
	};
	rootObject = C44B588A29867DCB006478D5 /* Project object */;
}
