// !$*UTF8*$!
{
	archiveVersion = 1;
	classes = {
	};
	objectVersion = 46;
	objects = {

/* Begin PBXBuildFile section */
		C41491DD297920FD0090ED53 /* MCEmojiSkinTonePickerContainerView.swift in Sources */ = {isa = PBXBuildFile; fileRef = C41491DC297920FD0090ED53 /* MCEmojiSkinTonePickerContainerView.swift */; };
		C417A029297D02ED00005A04 /* MCUnicodeManager.swift in Sources */ = {isa = PBXBuildFile; fileRef = C417A028297D02ED00005A04 /* MCUnicodeManager.swift */; };
		C417A02D297D031700005A04 /* MCEmojiCategory.swift in Sources */ = {isa = PBXBuildFile; fileRef = C417A02C297D031700005A04 /* MCEmojiCategory.swift */; };
		C417A02F297D080400005A04 /* MCEmoji.swift in Sources */ = {isa = PBXBuildFile; fileRef = C417A02E297D080400005A04 /* MCEmoji.swift */; };
		C44CF2382976518100D5262A /* MCEmojiPreviewView.swift in Sources */ = {isa = PBXBuildFile; fileRef = C44CF2372976518100D5262A /* MCEmojiPreviewView.swift */; };
		C44CF23A297651A400D5262A /* MCEmojiPreviewBackgroundView.swift in Sources */ = {isa = PBXBuildFile; fileRef = C44CF239297651A400D5262A /* MCEmojiPreviewBackgroundView.swift */; };
		C44CF23C297651C700D5262A /* Double+Extension.swift in Sources */ = {isa = PBXBuildFile; fileRef = C44CF23B297651C700D5262A /* Double+Extension.swift */; };
		C44CF23F2976527000D5262A /* MCEmojiSkinTonePickerView.swift in Sources */ = {isa = PBXBuildFile; fileRef = C44CF23E2976527000D5262A /* MCEmojiSkinTonePickerView.swift */; };
		C44CF2412976528200D5262A /* MCEmojiSkinTonePickerBackgroundView.swift in Sources */ = {isa = PBXBuildFile; fileRef = C44CF2402976528200D5262A /* MCEmojiSkinTonePickerBackgroundView.swift */; };
		C46490932958A7A100556DF4 /* Bundle+Extension.swift in Sources */ = {isa = PBXBuildFile; fileRef = C46490922958A7A100556DF4 /* Bundle+Extension.swift */; };
		OBJ_55 /* Observable.swift in Sources */ = {isa = PBXBuildFile; fileRef = OBJ_10 /* Observable.swift */; };
		OBJ_57 /* MCPickerArrowDirection.swift in Sources */ = {isa = PBXBuildFile; fileRef = OBJ_13 /* MCPickerArrowDirection.swift */; };
		OBJ_60 /* Array+Extension.swift in Sources */ = {isa = PBXBuildFile; fileRef = OBJ_19 /* Array+Extension.swift */; };
		OBJ_61 /* UIColor+Extension.swift in Sources */ = {isa = PBXBuildFile; fileRef = OBJ_20 /* UIColor+Extension.swift */; };
		OBJ_62 /* UIView+Extension.swift in Sources */ = {isa = PBXBuildFile; fileRef = OBJ_21 /* UIView+Extension.swift */; };
		OBJ_70 /* MCEmojiPickerViewController.swift in Sources */ = {isa = PBXBuildFile; fileRef = OBJ_32 /* MCEmojiPickerViewController.swift */; };
		OBJ_71 /* MCEmojiSectionHeader.swift in Sources */ = {isa = PBXBuildFile; fileRef = OBJ_36 /* MCEmojiSectionHeader.swift */; };
		OBJ_72 /* MCEmojiCollectionViewCell.swift in Sources */ = {isa = PBXBuildFile; fileRef = OBJ_37 /* MCEmojiCollectionViewCell.swift */; };
		OBJ_73 /* MCEmojiCategoryIconView.swift in Sources */ = {isa = PBXBuildFile; fileRef = OBJ_39 /* MCEmojiCategoryIconView.swift */; };
		OBJ_74 /* MCTouchableEmojiCategoryView.swift in Sources */ = {isa = PBXBuildFile; fileRef = OBJ_40 /* MCTouchableEmojiCategoryView.swift */; };
		OBJ_75 /* MCEmojiPickerView.swift in Sources */ = {isa = PBXBuildFile; fileRef = OBJ_41 /* MCEmojiPickerView.swift */; };
		OBJ_76 /* MCEmojiPickerViewModel.swift in Sources */ = {isa = PBXBuildFile; fileRef = OBJ_43 /* MCEmojiPickerViewModel.swift */; };
/* End PBXBuildFile section */

/* Begin PBXFileReference section */
		C41491DC297920FD0090ED53 /* MCEmojiSkinTonePickerContainerView.swift */ = {isa = PBXFileReference; lastKnownFileType = sourcecode.swift; path = MCEmojiSkinTonePickerContainerView.swift; sourceTree = "<group>"; };
		C417A028297D02ED00005A04 /* MCUnicodeManager.swift */ = {isa = PBXFileReference; fileEncoding = 4; lastKnownFileType = sourcecode.swift; path = MCUnicodeManager.swift; sourceTree = "<group>"; };
		C417A02C297D031700005A04 /* MCEmojiCategory.swift */ = {isa = PBXFileReference; fileEncoding = 4; lastKnownFileType = sourcecode.swift; path = MCEmojiCategory.swift; sourceTree = "<group>"; };
		C417A02E297D080400005A04 /* MCEmoji.swift */ = {isa = PBXFileReference; fileEncoding = 4; lastKnownFileType = sourcecode.swift; path = MCEmoji.swift; sourceTree = "<group>"; };
		C44CF2352976514300D5262A /* MCEmojiPicker.framework */ = {isa = PBXFileReference; explicitFileType = wrapper.framework; includeInIndex = 0; path = MCEmojiPicker.framework; sourceTree = BUILT_PRODUCTS_DIR; };
		C44CF2372976518100D5262A /* MCEmojiPreviewView.swift */ = {isa = PBXFileReference; lastKnownFileType = sourcecode.swift; path = MCEmojiPreviewView.swift; sourceTree = "<group>"; };
		C44CF239297651A400D5262A /* MCEmojiPreviewBackgroundView.swift */ = {isa = PBXFileReference; lastKnownFileType = sourcecode.swift; path = MCEmojiPreviewBackgroundView.swift; sourceTree = "<group>"; };
		C44CF23B297651C700D5262A /* Double+Extension.swift */ = {isa = PBXFileReference; fileEncoding = 4; lastKnownFileType = sourcecode.swift; path = "Double+Extension.swift"; sourceTree = "<group>"; };
		C44CF23E2976527000D5262A /* MCEmojiSkinTonePickerView.swift */ = {isa = PBXFileReference; lastKnownFileType = sourcecode.swift; path = MCEmojiSkinTonePickerView.swift; sourceTree = "<group>"; };
		C44CF2402976528200D5262A /* MCEmojiSkinTonePickerBackgroundView.swift */ = {isa = PBXFileReference; lastKnownFileType = sourcecode.swift; path = MCEmojiSkinTonePickerBackgroundView.swift; sourceTree = "<group>"; };
		C46490922958A7A100556DF4 /* Bundle+Extension.swift */ = {isa = PBXFileReference; lastKnownFileType = sourcecode.swift; path = "Bundle+Extension.swift"; sourceTree = "<group>"; };
		OBJ_10 /* Observable.swift */ = {isa = PBXFileReference; lastKnownFileType = sourcecode.swift; path = Observable.swift; sourceTree = "<group>"; };
		OBJ_13 /* MCPickerArrowDirection.swift */ = {isa = PBXFileReference; lastKnownFileType = sourcecode.swift; path = MCPickerArrowDirection.swift; sourceTree = "<group>"; };
		OBJ_19 /* Array+Extension.swift */ = {isa = PBXFileReference; lastKnownFileType = sourcecode.swift; path = "Array+Extension.swift"; sourceTree = "<group>"; };
		OBJ_20 /* UIColor+Extension.swift */ = {isa = PBXFileReference; lastKnownFileType = sourcecode.swift; path = "UIColor+Extension.swift"; sourceTree = "<group>"; };
		OBJ_21 /* UIView+Extension.swift */ = {isa = PBXFileReference; lastKnownFileType = sourcecode.swift; path = "UIView+Extension.swift"; sourceTree = "<group>"; };
		OBJ_32 /* MCEmojiPickerViewController.swift */ = {isa = PBXFileReference; lastKnownFileType = sourcecode.swift; path = MCEmojiPickerViewController.swift; sourceTree = "<group>"; };
		OBJ_36 /* MCEmojiSectionHeader.swift */ = {isa = PBXFileReference; lastKnownFileType = sourcecode.swift; path = MCEmojiSectionHeader.swift; sourceTree = "<group>"; };
		OBJ_37 /* MCEmojiCollectionViewCell.swift */ = {isa = PBXFileReference; lastKnownFileType = sourcecode.swift; path = MCEmojiCollectionViewCell.swift; sourceTree = "<group>"; };
		OBJ_39 /* MCEmojiCategoryIconView.swift */ = {isa = PBXFileReference; lastKnownFileType = sourcecode.swift; path = MCEmojiCategoryIconView.swift; sourceTree = "<group>"; };
		OBJ_40 /* MCTouchableEmojiCategoryView.swift */ = {isa = PBXFileReference; lastKnownFileType = sourcecode.swift; path = MCTouchableEmojiCategoryView.swift; sourceTree = "<group>"; };
		OBJ_41 /* MCEmojiPickerView.swift */ = {isa = PBXFileReference; lastKnownFileType = sourcecode.swift; path = MCEmojiPickerView.swift; sourceTree = "<group>"; };
		OBJ_43 /* MCEmojiPickerViewModel.swift */ = {isa = PBXFileReference; lastKnownFileType = sourcecode.swift; path = MCEmojiPickerViewModel.swift; sourceTree = "<group>"; };
		OBJ_47 /* LICENSE */ = {isa = PBXFileReference; lastKnownFileType = text; path = LICENSE; sourceTree = "<group>"; };
		OBJ_48 /* README.md */ = {isa = PBXFileReference; lastKnownFileType = net.daringfireball.markdown; path = README.md; sourceTree = "<group>"; };
		OBJ_49 /* MCEmojiPicker.podspec */ = {isa = PBXFileReference; lastKnownFileType = text; path = MCEmojiPicker.podspec; sourceTree = "<group>"; };
		OBJ_6 /* Package.swift */ = {isa = PBXFileReference; explicitFileType = sourcecode.swift; path = Package.swift; sourceTree = "<group>"; };
/* End PBXFileReference section */

/* Begin PBXFrameworksBuildPhase section */
		OBJ_77 /* Frameworks */ = {
			isa = PBXFrameworksBuildPhase;
			buildActionMask = 0;
			files = (
			);
			runOnlyForDeploymentPostprocessing = 0;
		};
/* End PBXFrameworksBuildPhase section */

/* Begin PBXGroup section */
		C44CF2362976517300D5262A /* EmojiPreviewView */ = {
			isa = PBXGroup;
			children = (
				C44CF2372976518100D5262A /* MCEmojiPreviewView.swift */,
				C44CF239297651A400D5262A /* MCEmojiPreviewBackgroundView.swift */,
			);
			path = EmojiPreviewView;
			sourceTree = "<group>";
		};
		C44CF23D2976526100D5262A /* EmojiSkinTonePickerView */ = {
			isa = PBXGroup;
			children = (
				C44CF23E2976527000D5262A /* MCEmojiSkinTonePickerView.swift */,
				C44CF2402976528200D5262A /* MCEmojiSkinTonePickerBackgroundView.swift */,
				C41491DC297920FD0090ED53 /* MCEmojiSkinTonePickerContainerView.swift */,
			);
			path = EmojiSkinTonePickerView;
			sourceTree = "<group>";
		};
		OBJ_11 /* Model */ = {
			isa = PBXGroup;
			children = (
				C417A02E297D080400005A04 /* MCEmoji.swift */,
				C417A02C297D031700005A04 /* MCEmojiCategory.swift */,
				OBJ_13 /* MCPickerArrowDirection.swift */,
			);
			path = Model;
			sourceTree = "<group>";
		};
		OBJ_17 /* Commons */ = {
			isa = PBXGroup;
			children = (
				OBJ_18 /* Extensions */,
			);
			path = Commons;
			sourceTree = "<group>";
		};
		OBJ_18 /* Extensions */ = {
			isa = PBXGroup;
			children = (
				OBJ_19 /* Array+Extension.swift */,
				C46490922958A7A100556DF4 /* Bundle+Extension.swift */,
				C44CF23B297651C700D5262A /* Double+Extension.swift */,
				OBJ_20 /* UIColor+Extension.swift */,
				OBJ_21 /* UIView+Extension.swift */,
			);
			path = Extensions;
			sourceTree = "<group>";
		};
		OBJ_29 /* Services */ = {
			isa = PBXGroup;
			children = (
				C417A028297D02ED00005A04 /* MCUnicodeManager.swift */,
			);
			path = Services;
			sourceTree = "<group>";
		};
		OBJ_31 /* View */ = {
			isa = PBXGroup;
			children = (
				OBJ_32 /* MCEmojiPickerViewController.swift */,
				OBJ_33 /* Views */,
			);
			path = View;
			sourceTree = "<group>";
		};
		OBJ_33 /* Views */ = {
			isa = PBXGroup;
			children = (
				OBJ_41 /* MCEmojiPickerView.swift */,
				OBJ_37 /* MCEmojiCollectionViewCell.swift */,
				OBJ_36 /* MCEmojiSectionHeader.swift */,
				C44CF2362976517300D5262A /* EmojiPreviewView */,
				C44CF23D2976526100D5262A /* EmojiSkinTonePickerView */,
				OBJ_38 /* EmojiCategoryView */,
			);
			path = Views;
			sourceTree = "<group>";
		};
		OBJ_38 /* EmojiCategoryView */ = {
			isa = PBXGroup;
			children = (
				OBJ_39 /* MCEmojiCategoryIconView.swift */,
				OBJ_40 /* MCTouchableEmojiCategoryView.swift */,
			);
			path = EmojiCategoryView;
			sourceTree = "<group>";
		};
		OBJ_42 /* ViewModel */ = {
			isa = PBXGroup;
			children = (
				OBJ_43 /* MCEmojiPickerViewModel.swift */,
			);
			path = ViewModel;
			sourceTree = "<group>";
		};
		OBJ_5 = {
			isa = PBXGroup;
			children = (
				OBJ_6 /* Package.swift */,
				OBJ_7 /* Sources */,
				OBJ_47 /* LICENSE */,
				OBJ_48 /* README.md */,
				OBJ_49 /* MCEmojiPicker.podspec */,
				C44CF2352976514300D5262A /* MCEmojiPicker.framework */,
			);
			sourceTree = "<group>";
		};
		OBJ_7 /* Sources */ = {
			isa = PBXGroup;
			children = (
				OBJ_8 /* MCEmojiPicker */,
			);
			name = Sources;
			sourceTree = SOURCE_ROOT;
		};
		OBJ_8 /* MCEmojiPicker */ = {
			isa = PBXGroup;
			children = (
				OBJ_9 /* Bindings */,
				OBJ_11 /* Model */,
				OBJ_31 /* View */,
				OBJ_42 /* ViewModel */,
				OBJ_29 /* Services */,
				OBJ_17 /* Commons */,
			);
			name = MCEmojiPicker;
			path = Sources/MCEmojiPicker;
			sourceTree = SOURCE_ROOT;
		};
		OBJ_9 /* Bindings */ = {
			isa = PBXGroup;
			children = (
				OBJ_10 /* Observable.swift */,
			);
			path = Bindings;
			sourceTree = "<group>";
		};
/* End PBXGroup section */

/* Begin PBXNativeTarget section */
		"mcemojipicker::MCEmojiPicker" /* MCEmojiPicker */ = {
			isa = PBXNativeTarget;
			buildConfigurationList = OBJ_51 /* Build configuration list for PBXNativeTarget "MCEmojiPicker" */;
			buildPhases = (
				OBJ_54 /* Sources */,
				OBJ_77 /* Frameworks */,
			);
			buildRules = (
			);
			dependencies = (
			);
			name = MCEmojiPicker;
			productName = MCEmojiPicker;
			productReference = C44CF2352976514300D5262A /* MCEmojiPicker.framework */;
			productType = "com.apple.product-type.framework";
		};
/* End PBXNativeTarget section */

/* Begin PBXProject section */
		OBJ_1 /* Project object */ = {
			isa = PBXProject;
			attributes = {
				LastSwiftMigration = 9999;
				LastUpgradeCheck = 9999;
			};
			buildConfigurationList = OBJ_2 /* Build configuration list for PBXProject "MCEmojiPicker" */;
			compatibilityVersion = "Xcode 3.2";
			developmentRegion = en;
			hasScannedForEncodings = 0;
			knownRegions = (
				en,
			);
			mainGroup = OBJ_5;
			productRefGroup = OBJ_5;
			projectDirPath = "";
			projectRoot = "";
			targets = (
				"mcemojipicker::MCEmojiPicker" /* MCEmojiPicker */,
			);
		};
/* End PBXProject section */

/* Begin PBXSourcesBuildPhase section */
		OBJ_54 /* Sources */ = {
			isa = PBXSourcesBuildPhase;
			buildActionMask = 0;
			files = (
				C44CF2412976528200D5262A /* MCEmojiSkinTonePickerBackgroundView.swift in Sources */,
				OBJ_55 /* Observable.swift in Sources */,
				C417A029297D02ED00005A04 /* MCUnicodeManager.swift in Sources */,
				OBJ_57 /* MCPickerArrowDirection.swift in Sources */,
				C44CF23C297651C700D5262A /* Double+Extension.swift in Sources */,
				C44CF23A297651A400D5262A /* MCEmojiPreviewBackgroundView.swift in Sources */,
				C417A02D297D031700005A04 /* MCEmojiCategory.swift in Sources */,
				OBJ_60 /* Array+Extension.swift in Sources */,
				OBJ_61 /* UIColor+Extension.swift in Sources */,
				OBJ_62 /* UIView+Extension.swift in Sources */,
				C46490932958A7A100556DF4 /* Bundle+Extension.swift in Sources */,
				OBJ_70 /* MCEmojiPickerViewController.swift in Sources */,
				OBJ_71 /* MCEmojiSectionHeader.swift in Sources */,
				OBJ_72 /* MCEmojiCollectionViewCell.swift in Sources */,
				OBJ_73 /* MCEmojiCategoryIconView.swift in Sources */,
				C44CF23F2976527000D5262A /* MCEmojiSkinTonePickerView.swift in Sources */,
				OBJ_74 /* MCTouchableEmojiCategoryView.swift in Sources */,
				C44CF2382976518100D5262A /* MCEmojiPreviewView.swift in Sources */,
				C417A02F297D080400005A04 /* MCEmoji.swift in Sources */,
				C41491DD297920FD0090ED53 /* MCEmojiSkinTonePickerContainerView.swift in Sources */,
				OBJ_75 /* MCEmojiPickerView.swift in Sources */,
				OBJ_76 /* MCEmojiPickerViewModel.swift in Sources */,
			);
			runOnlyForDeploymentPostprocessing = 0;
		};
/* End PBXSourcesBuildPhase section */

/* Begin XCBuildConfiguration section */
		OBJ_3 /* Debug */ = {
			isa = XCBuildConfiguration;
			buildSettings = {
				CLANG_ENABLE_OBJC_ARC = YES;
				COMBINE_HIDPI_IMAGES = YES;
				COPY_PHASE_STRIP = NO;
				DEBUG_INFORMATION_FORMAT = dwarf;
				DYLIB_INSTALL_NAME_BASE = "@rpath";
				ENABLE_NS_ASSERTIONS = YES;
				GCC_OPTIMIZATION_LEVEL = 0;
				GCC_PREPROCESSOR_DEFINITIONS = (
					"$(inherited)",
					"SWIFT_PACKAGE=1",
					"DEBUG=1",
				);
				MACOSX_DEPLOYMENT_TARGET = 10.10;
				ONLY_ACTIVE_ARCH = YES;
				OTHER_SWIFT_FLAGS = "$(inherited) -DXcode";
				PRODUCT_NAME = "$(TARGET_NAME)";
				SDKROOT = macosx;
				SUPPORTED_PLATFORMS = "$(AVAILABLE_PLATFORMS)";
				SUPPORTS_MACCATALYST = YES;
				SWIFT_ACTIVE_COMPILATION_CONDITIONS = "$(inherited) SWIFT_PACKAGE DEBUG";
				SWIFT_OPTIMIZATION_LEVEL = "-Onone";
				USE_HEADERMAP = NO;
			};
			name = Debug;
		};
		OBJ_4 /* Release */ = {
			isa = XCBuildConfiguration;
			buildSettings = {
				CLANG_ENABLE_OBJC_ARC = YES;
				COMBINE_HIDPI_IMAGES = YES;
				COPY_PHASE_STRIP = YES;
				DEBUG_INFORMATION_FORMAT = "dwarf-with-dsym";
				DYLIB_INSTALL_NAME_BASE = "@rpath";
				GCC_OPTIMIZATION_LEVEL = s;
				GCC_PREPROCESSOR_DEFINITIONS = (
					"$(inherited)",
					"SWIFT_PACKAGE=1",
				);
				MACOSX_DEPLOYMENT_TARGET = 10.10;
				OTHER_SWIFT_FLAGS = "$(inherited) -DXcode";
				PRODUCT_NAME = "$(TARGET_NAME)";
				SDKROOT = macosx;
				SUPPORTED_PLATFORMS = "$(AVAILABLE_PLATFORMS)";
				SUPPORTS_MACCATALYST = YES;
				SWIFT_ACTIVE_COMPILATION_CONDITIONS = "$(inherited) SWIFT_PACKAGE";
				SWIFT_OPTIMIZATION_LEVEL = "-Owholemodule";
				USE_HEADERMAP = NO;
			};
			name = Release;
		};
		OBJ_52 /* Debug */ = {
			isa = XCBuildConfiguration;
			buildSettings = {
				CURRENT_PROJECT_VERSION = 1;
				DRIVERKIT_DEPLOYMENT_TARGET = 19.0;
				ENABLE_TESTABILITY = YES;
				FRAMEWORK_SEARCH_PATHS = (
					"$(inherited)",
					"$(PLATFORM_DIR)/Developer/Library/Frameworks",
				);
				HEADER_SEARCH_PATHS = "$(inherited)";
				INFOPLIST_FILE = MCEmojiPicker.xcodeproj/MCEmojiPicker_Info.plist;
				IPHONEOS_DEPLOYMENT_TARGET = 11.1;
				LD_RUNPATH_SEARCH_PATHS = "$(inherited) $(TOOLCHAIN_DIR)/usr/lib/swift/macosx";
				MACOSX_DEPLOYMENT_TARGET = 10.13;
				OTHER_CFLAGS = "$(inherited)";
				OTHER_LDFLAGS = "$(inherited)";
				OTHER_SWIFT_FLAGS = "$(inherited)";
				PRODUCT_BUNDLE_IDENTIFIER = MCEmojiPicker;
				PRODUCT_MODULE_NAME = "$(TARGET_NAME:c99extidentifier)";
				PRODUCT_NAME = "$(TARGET_NAME:c99extidentifier)";
				SKIP_INSTALL = YES;
				SWIFT_ACTIVE_COMPILATION_CONDITIONS = "$(inherited)";
				SWIFT_VERSION = 4.2;
				TARGET_NAME = MCEmojiPicker;
				TVOS_DEPLOYMENT_TARGET = 11.0;
				WATCHOS_DEPLOYMENT_TARGET = 4.0;
			};
			name = Debug;
		};
		OBJ_53 /* Release */ = {
			isa = XCBuildConfiguration;
			buildSettings = {
				CURRENT_PROJECT_VERSION = 1;
				DRIVERKIT_DEPLOYMENT_TARGET = 19.0;
				ENABLE_TESTABILITY = YES;
				FRAMEWORK_SEARCH_PATHS = (
					"$(inherited)",
					"$(PLATFORM_DIR)/Developer/Library/Frameworks",
				);
				HEADER_SEARCH_PATHS = "$(inherited)";
				INFOPLIST_FILE = MCEmojiPicker.xcodeproj/MCEmojiPicker_Info.plist;
				IPHONEOS_DEPLOYMENT_TARGET = 11.1;
				LD_RUNPATH_SEARCH_PATHS = "$(inherited) $(TOOLCHAIN_DIR)/usr/lib/swift/macosx";
				MACOSX_DEPLOYMENT_TARGET = 10.13;
				OTHER_CFLAGS = "$(inherited)";
				OTHER_LDFLAGS = "$(inherited)";
				OTHER_SWIFT_FLAGS = "$(inherited)";
				PRODUCT_BUNDLE_IDENTIFIER = MCEmojiPicker;
				PRODUCT_MODULE_NAME = "$(TARGET_NAME:c99extidentifier)";
				PRODUCT_NAME = "$(TARGET_NAME:c99extidentifier)";
				SKIP_INSTALL = YES;
				SWIFT_ACTIVE_COMPILATION_CONDITIONS = "$(inherited)";
				SWIFT_VERSION = 4.2;
				TARGET_NAME = MCEmojiPicker;
				TVOS_DEPLOYMENT_TARGET = 11.0;
				WATCHOS_DEPLOYMENT_TARGET = 4.0;
			};
			name = Release;
		};
/* End XCBuildConfiguration section */

/* Begin XCConfigurationList section */
		OBJ_2 /* Build configuration list for PBXProject "MCEmojiPicker" */ = {
			isa = XCConfigurationList;
			buildConfigurations = (
				OBJ_3 /* Debug */,
				OBJ_4 /* Release */,
			);
			defaultConfigurationIsVisible = 0;
			defaultConfigurationName = Release;
		};
		OBJ_51 /* Build configuration list for PBXNativeTarget "MCEmojiPicker" */ = {
			isa = XCConfigurationList;
			buildConfigurations = (
				OBJ_52 /* Debug */,
				OBJ_53 /* Release */,
			);
			defaultConfigurationIsVisible = 0;
			defaultConfigurationName = Release;
		};
/* End XCConfigurationList section */
	};
	rootObject = OBJ_1 /* Project object */;
}
